// !$*UTF8*$!
{
	archiveVersion = 1;
	classes = {
	};
	objectVersion = 48;
	objects = {

/* Begin PBXBuildFile section */
		A30076331F9530500064598E /* FriendsListTableViewController.swift in Sources */ = {isa = PBXBuildFile; fileRef = A30076321F9530500064598E /* FriendsListTableViewController.swift */; };
		A30076351F9530670064598E /* FriendListTableViewCell.swift in Sources */ = {isa = PBXBuildFile; fileRef = A30076341F9530670064598E /* FriendListTableViewCell.swift */; };
		A30076371F95326E0064598E /* DatabaseManager.swift in Sources */ = {isa = PBXBuildFile; fileRef = A30076361F95326E0064598E /* DatabaseManager.swift */; };
		A30076391F9536210064598E /* PhotoCollectionViewController.swift in Sources */ = {isa = PBXBuildFile; fileRef = A30076381F9536210064598E /* PhotoCollectionViewController.swift */; };
		A30BCCAF1F954E8000C6495F /* PhotoCollectionViewCell.swift in Sources */ = {isa = PBXBuildFile; fileRef = A30BCCAE1F954E8000C6495F /* PhotoCollectionViewCell.swift */; };
		A30BCCB51F9553E100C6495F /* SearchGroupsListTableViewCell.swift in Sources */ = {isa = PBXBuildFile; fileRef = A30BCCB41F9553E100C6495F /* SearchGroupsListTableViewCell.swift */; };
		A30BCCB71F9553F600C6495F /* SearchGroupsListTableViewController.swift in Sources */ = {isa = PBXBuildFile; fileRef = A30BCCB61F9553F600C6495F /* SearchGroupsListTableViewController.swift */; };
		A30BCCB91F95541F00C6495F /* UserGroupsListTableViewController.swift in Sources */ = {isa = PBXBuildFile; fileRef = A30BCCB81F95541F00C6495F /* UserGroupsListTableViewController.swift */; };
		A30BCCBB1F95543500C6495F /* UserGroupsListTableViewCell.swift in Sources */ = {isa = PBXBuildFile; fileRef = A30BCCBA1F95543500C6495F /* UserGroupsListTableViewCell.swift */; };
		A3103FE01FD6CEDB00CB5CFE /* MapTableHeaderView.swift in Sources */ = {isa = PBXBuildFile; fileRef = A3103FDF1FD6CEDB00CB5CFE /* MapTableHeaderView.swift */; };
		A3103FE21FD6CF1100CB5CFE /* MapKit.framework in Frameworks */ = {isa = PBXBuildFile; fileRef = A3103FE11FD6CF1100CB5CFE /* MapKit.framework */; };
		A3103FE61FD7080D00CB5CFE /* LocationManager.swift in Sources */ = {isa = PBXBuildFile; fileRef = A3103FE51FD7080D00CB5CFE /* LocationManager.swift */; };
		A3103FE81FD70F0900CB5CFE /* LocationManagerDelegate.swift in Sources */ = {isa = PBXBuildFile; fileRef = A3103FE71FD70F0900CB5CFE /* LocationManagerDelegate.swift */; };
		A339A6CA1FD735DE00D721AC /* ChooseUserLocationViewController.swift in Sources */ = {isa = PBXBuildFile; fileRef = A339A6C91FD735DE00D721AC /* ChooseUserLocationViewController.swift */; };
		A345FBFB1FD324A700E1632C /* DateTimeFormatter.swift in Sources */ = {isa = PBXBuildFile; fileRef = A345FBFA1FD324A700E1632C /* DateTimeFormatter.swift */; };
		A345FBFD1FD3407100E1632C /* NewPostViewController.swift in Sources */ = {isa = PBXBuildFile; fileRef = A345FBFC1FD3407100E1632C /* NewPostViewController.swift */; };
		A345FC001FD3472800E1632C /* WallService.swift in Sources */ = {isa = PBXBuildFile; fileRef = A345FBFF1FD3472800E1632C /* WallService.swift */; };
		A345FC021FD3474E00E1632C /* NewPostResponse.swift in Sources */ = {isa = PBXBuildFile; fileRef = A345FC011FD3474E00E1632C /* NewPostResponse.swift */; };
		A345FC041FD5E7E700E1632C /* NewPostViewControllerDelegate.swift in Sources */ = {isa = PBXBuildFile; fileRef = A345FC031FD5E7E700E1632C /* NewPostViewControllerDelegate.swift */; };
		A345FC071FD5FF3800E1632C /* String+IsEmptyOrWhitespace.swift in Sources */ = {isa = PBXBuildFile; fileRef = A345FC061FD5FF3800E1632C /* String+IsEmptyOrWhitespace.swift */; };
		A34E5B721FD7FB21001FFCE4 /* PlacesService.swift in Sources */ = {isa = PBXBuildFile; fileRef = A34E5B711FD7FB21001FFCE4 /* PlacesService.swift */; };
		A34E5B781FD7FFC2001FFCE4 /* GetPlacesNearCoordinateResponse.swift in Sources */ = {isa = PBXBuildFile; fileRef = A34E5B771FD7FFC2001FFCE4 /* GetPlacesNearCoordinateResponse.swift */; };
		A34E5B7A1FD83F02001FFCE4 /* ChooseUserLocationTableViewCell.swift in Sources */ = {isa = PBXBuildFile; fileRef = A34E5B791FD83F02001FFCE4 /* ChooseUserLocationTableViewCell.swift */; };
		A34E5B7C1FD850E0001FFCE4 /* ChooseUserLocationTableViewControllerDelegate.swift in Sources */ = {isa = PBXBuildFile; fileRef = A34E5B7B1FD850E0001FFCE4 /* ChooseUserLocationTableViewControllerDelegate.swift */; };
		A3573CBA1FAC6BB000235C93 /* AttachmentPollView.xib in Resources */ = {isa = PBXBuildFile; fileRef = A3573CB91FAC6BB000235C93 /* AttachmentPollView.xib */; };
		A3573CBC1FAC6BC200235C93 /* AttachmentPollView.swift in Sources */ = {isa = PBXBuildFile; fileRef = A3573CBB1FAC6BC200235C93 /* AttachmentPollView.swift */; };
		A3573CBE1FAC71A500235C93 /* AttachmentDocView.swift in Sources */ = {isa = PBXBuildFile; fileRef = A3573CBD1FAC71A500235C93 /* AttachmentDocView.swift */; };
		A3573CC11FAC8FDC00235C93 /* AttachmentPollAnswerView.xib in Resources */ = {isa = PBXBuildFile; fileRef = A3573CC01FAC8FDC00235C93 /* AttachmentPollAnswerView.xib */; };
		A3573CC31FAC8FE800235C93 /* AttachmentPollAnswerView.swift in Sources */ = {isa = PBXBuildFile; fileRef = A3573CC21FAC8FE800235C93 /* AttachmentPollAnswerView.swift */; };
		A3592CA51FA62F6C00A93CED /* AttachmentAudioView.swift in Sources */ = {isa = PBXBuildFile; fileRef = A3592CA41FA62F6C00A93CED /* AttachmentAudioView.swift */; };
		A374C7D31FA6243B000ED379 /* AttachmentVideoView.swift in Sources */ = {isa = PBXBuildFile; fileRef = A374C7D21FA6243B000ED379 /* AttachmentVideoView.swift */; };
		A374C7D51FA6244F000ED379 /* AttachmentVideoView.xib in Resources */ = {isa = PBXBuildFile; fileRef = A374C7D41FA6244F000ED379 /* AttachmentVideoView.xib */; };
		A38022CA1F9F9994003954F8 /* NewsFeedService.swift in Sources */ = {isa = PBXBuildFile; fileRef = A38022C91F9F9994003954F8 /* NewsFeedService.swift */; };
		A38022CC1F9F9DA8003954F8 /* GetNewsFeedResponse.swift in Sources */ = {isa = PBXBuildFile; fileRef = A38022CB1F9F9DA8003954F8 /* GetNewsFeedResponse.swift */; };
		A38022D11FA05C71003954F8 /* NewsFeedTableViewController.swift in Sources */ = {isa = PBXBuildFile; fileRef = A38022D01FA05C71003954F8 /* NewsFeedTableViewController.swift */; };
		A38022D31FA05C8A003954F8 /* NewsFeedTableViewCell.swift in Sources */ = {isa = PBXBuildFile; fileRef = A38022D21FA05C8A003954F8 /* NewsFeedTableViewCell.swift */; };
		A38022D61FA08D56003954F8 /* AttachmentPhotoView.xib in Resources */ = {isa = PBXBuildFile; fileRef = A38022D51FA08D56003954F8 /* AttachmentPhotoView.xib */; };
		A38022D81FA08D5E003954F8 /* AttachmentPhotoView.swift in Sources */ = {isa = PBXBuildFile; fileRef = A38022D71FA08D5E003954F8 /* AttachmentPhotoView.swift */; };
		A38022DB1FA08EEB003954F8 /* UIView+LayoutAttachAll.swift in Sources */ = {isa = PBXBuildFile; fileRef = A38022DA1FA08EEB003954F8 /* UIView+LayoutAttachAll.swift */; };
		A38022DD1FA08F10003954F8 /* UIView+FromNib.swift in Sources */ = {isa = PBXBuildFile; fileRef = A38022DC1FA08F10003954F8 /* UIView+FromNib.swift */; };
		A38022DF1FA0964E003954F8 /* CGSize+Scaled.swift in Sources */ = {isa = PBXBuildFile; fileRef = A38022DE1FA0964E003954F8 /* CGSize+Scaled.swift */; };
		A38022E11FA0A3A6003954F8 /* UIStackView+Clean.swift in Sources */ = {isa = PBXBuildFile; fileRef = A38022E01FA0A3A6003954F8 /* UIStackView+Clean.swift */; };
		A38022E41FA0AA8A003954F8 /* PhotoAttachment.swift in Sources */ = {isa = PBXBuildFile; fileRef = A38022E31FA0AA8A003954F8 /* PhotoAttachment.swift */; };
		A38022E61FA0AB20003954F8 /* VideoAttachment.swift in Sources */ = {isa = PBXBuildFile; fileRef = A38022E51FA0AB20003954F8 /* VideoAttachment.swift */; };
		A38022E81FA0AB43003954F8 /* AudioAttachment.swift in Sources */ = {isa = PBXBuildFile; fileRef = A38022E71FA0AB43003954F8 /* AudioAttachment.swift */; };
		A38022EA1FA0AB5F003954F8 /* DocAttachment.swift in Sources */ = {isa = PBXBuildFile; fileRef = A38022E91FA0AB5F003954F8 /* DocAttachment.swift */; };
		A38022EC1FA0AB7E003954F8 /* PollAttachment.swift in Sources */ = {isa = PBXBuildFile; fileRef = A38022EB1FA0AB7E003954F8 /* PollAttachment.swift */; };
		A38022EE1FA121A7003954F8 /* NewsFeedPost.swift in Sources */ = {isa = PBXBuildFile; fileRef = A38022ED1FA121A7003954F8 /* NewsFeedPost.swift */; };
		A38022F01FA12A02003954F8 /* Place.swift in Sources */ = {isa = PBXBuildFile; fileRef = A38022EF1FA12A02003954F8 /* Place.swift */; };
		A38022F21FA12A37003954F8 /* Attachment.swift in Sources */ = {isa = PBXBuildFile; fileRef = A38022F11FA12A37003954F8 /* Attachment.swift */; };
		A38022F81FA1A2BD003954F8 /* AttachmentModel.swift in Sources */ = {isa = PBXBuildFile; fileRef = A38022F71FA1A2BD003954F8 /* AttachmentModel.swift */; };
		A38022FB1FA1AFDE003954F8 /* AttachmentAudioView.xib in Resources */ = {isa = PBXBuildFile; fileRef = A38022FA1FA1AFDE003954F8 /* AttachmentAudioView.xib */; };
		A38022FD1FA1B51E003954F8 /* AttachmentDocView.xib in Resources */ = {isa = PBXBuildFile; fileRef = A38022FC1FA1B51E003954F8 /* AttachmentDocView.xib */; };
		A3875B9A1F920B74004A1D47 /* AppDelegate.swift in Sources */ = {isa = PBXBuildFile; fileRef = A3875B991F920B74004A1D47 /* AppDelegate.swift */; };
		A3875B9F1F920B74004A1D47 /* Main.storyboard in Resources */ = {isa = PBXBuildFile; fileRef = A3875B9D1F920B74004A1D47 /* Main.storyboard */; };
		A3875BA11F920B74004A1D47 /* Assets.xcassets in Resources */ = {isa = PBXBuildFile; fileRef = A3875BA01F920B74004A1D47 /* Assets.xcassets */; };
		A3875BA41F920B74004A1D47 /* LaunchScreen.storyboard in Resources */ = {isa = PBXBuildFile; fileRef = A3875BA21F920B74004A1D47 /* LaunchScreen.storyboard */; };
		A3875BB21F92128D004A1D47 /* AuthorizationViewController.swift in Sources */ = {isa = PBXBuildFile; fileRef = A3875BB11F92128D004A1D47 /* AuthorizationViewController.swift */; };
		A3875BB41F921334004A1D47 /* StartViewController.swift in Sources */ = {isa = PBXBuildFile; fileRef = A3875BB31F921334004A1D47 /* StartViewController.swift */; };
		A38E14811FDD4BCE007DD5E8 /* GetInformationAboutUsersResponse.swift in Sources */ = {isa = PBXBuildFile; fileRef = A38E14801FDD4BCE007DD5E8 /* GetInformationAboutUsersResponse.swift */; };
		A38E14831FDD52A4007DD5E8 /* FriendRequestUser.swift in Sources */ = {isa = PBXBuildFile; fileRef = A38E14821FDD52A4007DD5E8 /* FriendRequestUser.swift */; };
		A38E14861FDD5548007DD5E8 /* FriendRequestsListTableViewController.swift in Sources */ = {isa = PBXBuildFile; fileRef = A38E14851FDD5548007DD5E8 /* FriendRequestsListTableViewController.swift */; };
		A38E14881FDD555D007DD5E8 /* FriendRequestsListTableViewCell.swift in Sources */ = {isa = PBXBuildFile; fileRef = A38E14871FDD555D007DD5E8 /* FriendRequestsListTableViewCell.swift */; };
		A38E148A1FDD7416007DD5E8 /* UsersService.swift in Sources */ = {isa = PBXBuildFile; fileRef = A38E14891FDD7416007DD5E8 /* UsersService.swift */; };
		A38E148D1FDD75A8007DD5E8 /* GetRequestsResponse.swift in Sources */ = {isa = PBXBuildFile; fileRef = A38E148C1FDD75A8007DD5E8 /* GetRequestsResponse.swift */; };
		A3A8C9B11FA2909400388BCF /* LinkAttachment.swift in Sources */ = {isa = PBXBuildFile; fileRef = A3A8C9B01FA2909400388BCF /* LinkAttachment.swift */; };
		A3BFC32F1FABA43900616E3D /* PollAnswerModel.swift in Sources */ = {isa = PBXBuildFile; fileRef = A3BFC32E1FABA43900616E3D /* PollAnswerModel.swift */; };
		A3BFC3321FABC4B800616E3D /* NewsFeedTableViewCellDataSource.swift in Sources */ = {isa = PBXBuildFile; fileRef = A3BFC3311FABC4B800616E3D /* NewsFeedTableViewCellDataSource.swift */; };
		A3C5085C1FAD0935006734C8 /* UIImage+MaskWithColor.swift in Sources */ = {isa = PBXBuildFile; fileRef = A3C5085B1FAD0935006734C8 /* UIImage+MaskWithColor.swift */; };
		A3C713CB1F94764800387AD6 /* TabBarController.swift in Sources */ = {isa = PBXBuildFile; fileRef = A3C713CA1F94764800387AD6 /* TabBarController.swift */; };
		A3CCB6B71FD094580032A5F4 /* AttachmentLinkViewDelegate.swift in Sources */ = {isa = PBXBuildFile; fileRef = A3CCB6B61FD094580032A5F4 /* AttachmentLinkViewDelegate.swift */; };
		A3CCB6B91FD0A1FD0032A5F4 /* NewsFeedTableViewCellDelegate.swift in Sources */ = {isa = PBXBuildFile; fileRef = A3CCB6B81FD0A1FD0032A5F4 /* NewsFeedTableViewCellDelegate.swift */; };
		A3D4B0BF1FA87C9E00DFC3FB /* AttachmentLinkView.xib in Resources */ = {isa = PBXBuildFile; fileRef = A3D4B0BE1FA87C9E00DFC3FB /* AttachmentLinkView.xib */; };
		A3D4B0C11FA8842500DFC3FB /* AttachmentLinkView.swift in Sources */ = {isa = PBXBuildFile; fileRef = A3D4B0C01FA8842500DFC3FB /* AttachmentLinkView.swift */; };
		A3D4B0C41FA8BD4600DFC3FB /* RepostHeaderView.xib in Resources */ = {isa = PBXBuildFile; fileRef = A3D4B0C31FA8BD4500DFC3FB /* RepostHeaderView.xib */; };
		A3D4B0C61FA8BD5C00DFC3FB /* RepostHeaderView.swift in Sources */ = {isa = PBXBuildFile; fileRef = A3D4B0C51FA8BD5C00DFC3FB /* RepostHeaderView.swift */; };
		A3E18E711F93DFF10060AB55 /* AuthorizationService.swift in Sources */ = {isa = PBXBuildFile; fileRef = A3E18E701F93DFF10060AB55 /* AuthorizationService.swift */; };
		A3E18E741F93E9D50060AB55 /* UserDefaultsKey.swift in Sources */ = {isa = PBXBuildFile; fileRef = A3E18E731F93E9D50060AB55 /* UserDefaultsKey.swift */; };
		A3E18E761F93E9E20060AB55 /* SegueIdentifier.swift in Sources */ = {isa = PBXBuildFile; fileRef = A3E18E751F93E9E20060AB55 /* SegueIdentifier.swift */; };
		A3E18E781F93EE430060AB55 /* KeychainKey.swift in Sources */ = {isa = PBXBuildFile; fileRef = A3E18E771F93EE430060AB55 /* KeychainKey.swift */; };
		A3E18E7C1F93FE2A0060AB55 /* Friend.swift in Sources */ = {isa = PBXBuildFile; fileRef = A3E18E7B1F93FE2A0060AB55 /* Friend.swift */; };
		A3E18E7E1F93FE750060AB55 /* Group.swift in Sources */ = {isa = PBXBuildFile; fileRef = A3E18E7D1F93FE750060AB55 /* Group.swift */; };
		A3E18E801F93FEA70060AB55 /* Photo.swift in Sources */ = {isa = PBXBuildFile; fileRef = A3E18E7F1F93FEA70060AB55 /* Photo.swift */; };
		A3E18E821F9417430060AB55 /* FriendsService.swift in Sources */ = {isa = PBXBuildFile; fileRef = A3E18E811F9417430060AB55 /* FriendsService.swift */; };
		A3E18E841F9417590060AB55 /* GroupService.swift in Sources */ = {isa = PBXBuildFile; fileRef = A3E18E831F9417590060AB55 /* GroupService.swift */; };
		A3E18E861F9417670060AB55 /* PhotoService.swift in Sources */ = {isa = PBXBuildFile; fileRef = A3E18E851F9417670060AB55 /* PhotoService.swift */; };
		A3F92C571F94E05F00C446A2 /* GetUserFriendsResponse.swift in Sources */ = {isa = PBXBuildFile; fileRef = A3F92C561F94E05F00C446A2 /* GetUserFriendsResponse.swift */; };
		A3F92C591F94E16100C446A2 /* GetUserPhotosResponse.swift in Sources */ = {isa = PBXBuildFile; fileRef = A3F92C581F94E16100C446A2 /* GetUserPhotosResponse.swift */; };
		A3F92C5D1F94E27F00C446A2 /* GetUserGroupsResponse.swift in Sources */ = {isa = PBXBuildFile; fileRef = A3F92C5C1F94E27F00C446A2 /* GetUserGroupsResponse.swift */; };
		A3F92C5F1F94E2A400C446A2 /* SearchGroupsResponse.swift in Sources */ = {isa = PBXBuildFile; fileRef = A3F92C5E1F94E2A400C446A2 /* SearchGroupsResponse.swift */; };
		A3F92C611F94E2B900C446A2 /* JoinGroupResponse.swift in Sources */ = {isa = PBXBuildFile; fileRef = A3F92C601F94E2B900C446A2 /* JoinGroupResponse.swift */; };
		A3F92C641F94E2DC00C446A2 /* LeaveGroupResponse.swift in Sources */ = {isa = PBXBuildFile; fileRef = A3F92C631F94E2DC00C446A2 /* LeaveGroupResponse.swift */; };
		B25DBA804B9547B12146ECD9 /* Pods_VKApplication.framework in Frameworks */ = {isa = PBXBuildFile; fileRef = AB01EFA41AF5F58B41BAA07C /* Pods_VKApplication.framework */; };
/* End PBXBuildFile section */

/* Begin PBXFileReference section */
		5021D90549824CB899E60DE8 /* Pods-VKApplication.release.xcconfig */ = {isa = PBXFileReference; includeInIndex = 1; lastKnownFileType = text.xcconfig; name = "Pods-VKApplication.release.xcconfig"; path = "Pods/Target Support Files/Pods-VKApplication/Pods-VKApplication.release.xcconfig"; sourceTree = "<group>"; };
		6A7C702F4BDDD8838F18B1AC /* Pods-VKApplication.debug.xcconfig */ = {isa = PBXFileReference; includeInIndex = 1; lastKnownFileType = text.xcconfig; name = "Pods-VKApplication.debug.xcconfig"; path = "Pods/Target Support Files/Pods-VKApplication/Pods-VKApplication.debug.xcconfig"; sourceTree = "<group>"; };
		A30076321F9530500064598E /* FriendsListTableViewController.swift */ = {isa = PBXFileReference; lastKnownFileType = sourcecode.swift; path = FriendsListTableViewController.swift; sourceTree = "<group>"; };
		A30076341F9530670064598E /* FriendListTableViewCell.swift */ = {isa = PBXFileReference; lastKnownFileType = sourcecode.swift; path = FriendListTableViewCell.swift; sourceTree = "<group>"; };
		A30076361F95326E0064598E /* DatabaseManager.swift */ = {isa = PBXFileReference; lastKnownFileType = sourcecode.swift; path = DatabaseManager.swift; sourceTree = "<group>"; };
		A30076381F9536210064598E /* PhotoCollectionViewController.swift */ = {isa = PBXFileReference; lastKnownFileType = sourcecode.swift; path = PhotoCollectionViewController.swift; sourceTree = "<group>"; };
		A30BCCAE1F954E8000C6495F /* PhotoCollectionViewCell.swift */ = {isa = PBXFileReference; lastKnownFileType = sourcecode.swift; path = PhotoCollectionViewCell.swift; sourceTree = "<group>"; };
		A30BCCB41F9553E100C6495F /* SearchGroupsListTableViewCell.swift */ = {isa = PBXFileReference; lastKnownFileType = sourcecode.swift; path = SearchGroupsListTableViewCell.swift; sourceTree = "<group>"; };
		A30BCCB61F9553F600C6495F /* SearchGroupsListTableViewController.swift */ = {isa = PBXFileReference; lastKnownFileType = sourcecode.swift; path = SearchGroupsListTableViewController.swift; sourceTree = "<group>"; };
		A30BCCB81F95541F00C6495F /* UserGroupsListTableViewController.swift */ = {isa = PBXFileReference; lastKnownFileType = sourcecode.swift; path = UserGroupsListTableViewController.swift; sourceTree = "<group>"; };
		A30BCCBA1F95543500C6495F /* UserGroupsListTableViewCell.swift */ = {isa = PBXFileReference; lastKnownFileType = sourcecode.swift; path = UserGroupsListTableViewCell.swift; sourceTree = "<group>"; };
		A3103FDF1FD6CEDB00CB5CFE /* MapTableHeaderView.swift */ = {isa = PBXFileReference; lastKnownFileType = sourcecode.swift; path = MapTableHeaderView.swift; sourceTree = "<group>"; };
		A3103FE11FD6CF1100CB5CFE /* MapKit.framework */ = {isa = PBXFileReference; lastKnownFileType = wrapper.framework; name = MapKit.framework; path = System/Library/Frameworks/MapKit.framework; sourceTree = SDKROOT; };
		A3103FE51FD7080D00CB5CFE /* LocationManager.swift */ = {isa = PBXFileReference; lastKnownFileType = sourcecode.swift; path = LocationManager.swift; sourceTree = "<group>"; };
		A3103FE71FD70F0900CB5CFE /* LocationManagerDelegate.swift */ = {isa = PBXFileReference; lastKnownFileType = sourcecode.swift; path = LocationManagerDelegate.swift; sourceTree = "<group>"; };
		A339A6C91FD735DE00D721AC /* ChooseUserLocationViewController.swift */ = {isa = PBXFileReference; lastKnownFileType = sourcecode.swift; path = ChooseUserLocationViewController.swift; sourceTree = "<group>"; };
		A345FBFA1FD324A700E1632C /* DateTimeFormatter.swift */ = {isa = PBXFileReference; lastKnownFileType = sourcecode.swift; path = DateTimeFormatter.swift; sourceTree = "<group>"; };
		A345FBFC1FD3407100E1632C /* NewPostViewController.swift */ = {isa = PBXFileReference; lastKnownFileType = sourcecode.swift; path = NewPostViewController.swift; sourceTree = "<group>"; };
		A345FBFF1FD3472800E1632C /* WallService.swift */ = {isa = PBXFileReference; lastKnownFileType = sourcecode.swift; path = WallService.swift; sourceTree = "<group>"; };
		A345FC011FD3474E00E1632C /* NewPostResponse.swift */ = {isa = PBXFileReference; lastKnownFileType = sourcecode.swift; path = NewPostResponse.swift; sourceTree = "<group>"; };
		A345FC031FD5E7E700E1632C /* NewPostViewControllerDelegate.swift */ = {isa = PBXFileReference; lastKnownFileType = sourcecode.swift; path = NewPostViewControllerDelegate.swift; sourceTree = "<group>"; };
		A345FC061FD5FF3800E1632C /* String+IsEmptyOrWhitespace.swift */ = {isa = PBXFileReference; lastKnownFileType = sourcecode.swift; path = "String+IsEmptyOrWhitespace.swift"; sourceTree = "<group>"; };
		A34E5B711FD7FB21001FFCE4 /* PlacesService.swift */ = {isa = PBXFileReference; lastKnownFileType = sourcecode.swift; path = PlacesService.swift; sourceTree = "<group>"; };
		A34E5B771FD7FFC2001FFCE4 /* GetPlacesNearCoordinateResponse.swift */ = {isa = PBXFileReference; lastKnownFileType = sourcecode.swift; path = GetPlacesNearCoordinateResponse.swift; sourceTree = "<group>"; };
		A34E5B791FD83F02001FFCE4 /* ChooseUserLocationTableViewCell.swift */ = {isa = PBXFileReference; lastKnownFileType = sourcecode.swift; path = ChooseUserLocationTableViewCell.swift; sourceTree = "<group>"; };
		A34E5B7B1FD850E0001FFCE4 /* ChooseUserLocationTableViewControllerDelegate.swift */ = {isa = PBXFileReference; lastKnownFileType = sourcecode.swift; path = ChooseUserLocationTableViewControllerDelegate.swift; sourceTree = "<group>"; };
		A3573CB91FAC6BB000235C93 /* AttachmentPollView.xib */ = {isa = PBXFileReference; lastKnownFileType = file.xib; path = AttachmentPollView.xib; sourceTree = "<group>"; };
		A3573CBB1FAC6BC200235C93 /* AttachmentPollView.swift */ = {isa = PBXFileReference; lastKnownFileType = sourcecode.swift; path = AttachmentPollView.swift; sourceTree = "<group>"; };
		A3573CBD1FAC71A500235C93 /* AttachmentDocView.swift */ = {isa = PBXFileReference; lastKnownFileType = sourcecode.swift; path = AttachmentDocView.swift; sourceTree = "<group>"; };
		A3573CC01FAC8FDC00235C93 /* AttachmentPollAnswerView.xib */ = {isa = PBXFileReference; lastKnownFileType = file.xib; path = AttachmentPollAnswerView.xib; sourceTree = "<group>"; };
		A3573CC21FAC8FE800235C93 /* AttachmentPollAnswerView.swift */ = {isa = PBXFileReference; lastKnownFileType = sourcecode.swift; path = AttachmentPollAnswerView.swift; sourceTree = "<group>"; };
		A3592CA41FA62F6C00A93CED /* AttachmentAudioView.swift */ = {isa = PBXFileReference; lastKnownFileType = sourcecode.swift; path = AttachmentAudioView.swift; sourceTree = "<group>"; };
		A374C7D21FA6243B000ED379 /* AttachmentVideoView.swift */ = {isa = PBXFileReference; lastKnownFileType = sourcecode.swift; path = AttachmentVideoView.swift; sourceTree = "<group>"; };
		A374C7D41FA6244F000ED379 /* AttachmentVideoView.xib */ = {isa = PBXFileReference; lastKnownFileType = file.xib; path = AttachmentVideoView.xib; sourceTree = "<group>"; };
		A38022C91F9F9994003954F8 /* NewsFeedService.swift */ = {isa = PBXFileReference; lastKnownFileType = sourcecode.swift; path = NewsFeedService.swift; sourceTree = "<group>"; };
		A38022CB1F9F9DA8003954F8 /* GetNewsFeedResponse.swift */ = {isa = PBXFileReference; lastKnownFileType = sourcecode.swift; path = GetNewsFeedResponse.swift; sourceTree = "<group>"; };
		A38022D01FA05C71003954F8 /* NewsFeedTableViewController.swift */ = {isa = PBXFileReference; lastKnownFileType = sourcecode.swift; path = NewsFeedTableViewController.swift; sourceTree = "<group>"; };
		A38022D21FA05C8A003954F8 /* NewsFeedTableViewCell.swift */ = {isa = PBXFileReference; lastKnownFileType = sourcecode.swift; path = NewsFeedTableViewCell.swift; sourceTree = "<group>"; };
		A38022D51FA08D56003954F8 /* AttachmentPhotoView.xib */ = {isa = PBXFileReference; lastKnownFileType = file.xib; path = AttachmentPhotoView.xib; sourceTree = "<group>"; };
		A38022D71FA08D5E003954F8 /* AttachmentPhotoView.swift */ = {isa = PBXFileReference; lastKnownFileType = sourcecode.swift; path = AttachmentPhotoView.swift; sourceTree = "<group>"; };
		A38022DA1FA08EEB003954F8 /* UIView+LayoutAttachAll.swift */ = {isa = PBXFileReference; lastKnownFileType = sourcecode.swift; path = "UIView+LayoutAttachAll.swift"; sourceTree = "<group>"; };
		A38022DC1FA08F10003954F8 /* UIView+FromNib.swift */ = {isa = PBXFileReference; lastKnownFileType = sourcecode.swift; path = "UIView+FromNib.swift"; sourceTree = "<group>"; };
		A38022DE1FA0964E003954F8 /* CGSize+Scaled.swift */ = {isa = PBXFileReference; lastKnownFileType = sourcecode.swift; path = "CGSize+Scaled.swift"; sourceTree = "<group>"; };
		A38022E01FA0A3A6003954F8 /* UIStackView+Clean.swift */ = {isa = PBXFileReference; lastKnownFileType = sourcecode.swift; path = "UIStackView+Clean.swift"; sourceTree = "<group>"; };
		A38022E31FA0AA8A003954F8 /* PhotoAttachment.swift */ = {isa = PBXFileReference; lastKnownFileType = sourcecode.swift; path = PhotoAttachment.swift; sourceTree = "<group>"; };
		A38022E51FA0AB20003954F8 /* VideoAttachment.swift */ = {isa = PBXFileReference; lastKnownFileType = sourcecode.swift; path = VideoAttachment.swift; sourceTree = "<group>"; };
		A38022E71FA0AB43003954F8 /* AudioAttachment.swift */ = {isa = PBXFileReference; lastKnownFileType = sourcecode.swift; path = AudioAttachment.swift; sourceTree = "<group>"; };
		A38022E91FA0AB5F003954F8 /* DocAttachment.swift */ = {isa = PBXFileReference; lastKnownFileType = sourcecode.swift; path = DocAttachment.swift; sourceTree = "<group>"; };
		A38022EB1FA0AB7E003954F8 /* PollAttachment.swift */ = {isa = PBXFileReference; lastKnownFileType = sourcecode.swift; path = PollAttachment.swift; sourceTree = "<group>"; };
		A38022ED1FA121A7003954F8 /* NewsFeedPost.swift */ = {isa = PBXFileReference; lastKnownFileType = sourcecode.swift; path = NewsFeedPost.swift; sourceTree = "<group>"; };
		A38022EF1FA12A02003954F8 /* Place.swift */ = {isa = PBXFileReference; lastKnownFileType = sourcecode.swift; path = Place.swift; sourceTree = "<group>"; };
		A38022F11FA12A37003954F8 /* Attachment.swift */ = {isa = PBXFileReference; lastKnownFileType = sourcecode.swift; path = Attachment.swift; sourceTree = "<group>"; };
		A38022F71FA1A2BD003954F8 /* AttachmentModel.swift */ = {isa = PBXFileReference; lastKnownFileType = sourcecode.swift; path = AttachmentModel.swift; sourceTree = "<group>"; };
		A38022FA1FA1AFDE003954F8 /* AttachmentAudioView.xib */ = {isa = PBXFileReference; lastKnownFileType = file.xib; path = AttachmentAudioView.xib; sourceTree = "<group>"; };
		A38022FC1FA1B51E003954F8 /* AttachmentDocView.xib */ = {isa = PBXFileReference; lastKnownFileType = file.xib; path = AttachmentDocView.xib; sourceTree = "<group>"; };
		A3875B961F920B74004A1D47 /* VKApplication.app */ = {isa = PBXFileReference; explicitFileType = wrapper.application; includeInIndex = 0; path = VKApplication.app; sourceTree = BUILT_PRODUCTS_DIR; };
		A3875B991F920B74004A1D47 /* AppDelegate.swift */ = {isa = PBXFileReference; lastKnownFileType = sourcecode.swift; path = AppDelegate.swift; sourceTree = "<group>"; };
		A3875B9E1F920B74004A1D47 /* Base */ = {isa = PBXFileReference; lastKnownFileType = file.storyboard; name = Base; path = Base.lproj/Main.storyboard; sourceTree = "<group>"; };
		A3875BA01F920B74004A1D47 /* Assets.xcassets */ = {isa = PBXFileReference; lastKnownFileType = folder.assetcatalog; path = Assets.xcassets; sourceTree = "<group>"; };
		A3875BA31F920B74004A1D47 /* Base */ = {isa = PBXFileReference; lastKnownFileType = file.storyboard; name = Base; path = Base.lproj/LaunchScreen.storyboard; sourceTree = "<group>"; };
		A3875BA51F920B74004A1D47 /* Info.plist */ = {isa = PBXFileReference; lastKnownFileType = text.plist.xml; path = Info.plist; sourceTree = "<group>"; };
		A3875BB11F92128D004A1D47 /* AuthorizationViewController.swift */ = {isa = PBXFileReference; lastKnownFileType = sourcecode.swift; path = AuthorizationViewController.swift; sourceTree = "<group>"; };
		A3875BB31F921334004A1D47 /* StartViewController.swift */ = {isa = PBXFileReference; lastKnownFileType = sourcecode.swift; path = StartViewController.swift; sourceTree = "<group>"; };
		A38E14801FDD4BCE007DD5E8 /* GetInformationAboutUsersResponse.swift */ = {isa = PBXFileReference; lastKnownFileType = sourcecode.swift; path = GetInformationAboutUsersResponse.swift; sourceTree = "<group>"; };
		A38E14821FDD52A4007DD5E8 /* FriendRequestUser.swift */ = {isa = PBXFileReference; lastKnownFileType = sourcecode.swift; path = FriendRequestUser.swift; sourceTree = "<group>"; };
		A38E14851FDD5548007DD5E8 /* FriendRequestsListTableViewController.swift */ = {isa = PBXFileReference; lastKnownFileType = sourcecode.swift; path = FriendRequestsListTableViewController.swift; sourceTree = "<group>"; };
		A38E14871FDD555D007DD5E8 /* FriendRequestsListTableViewCell.swift */ = {isa = PBXFileReference; lastKnownFileType = sourcecode.swift; path = FriendRequestsListTableViewCell.swift; sourceTree = "<group>"; };
		A38E14891FDD7416007DD5E8 /* UsersService.swift */ = {isa = PBXFileReference; lastKnownFileType = sourcecode.swift; path = UsersService.swift; sourceTree = "<group>"; };
		A38E148C1FDD75A8007DD5E8 /* GetRequestsResponse.swift */ = {isa = PBXFileReference; lastKnownFileType = sourcecode.swift; path = GetRequestsResponse.swift; sourceTree = "<group>"; };
		A3A8C9B01FA2909400388BCF /* LinkAttachment.swift */ = {isa = PBXFileReference; lastKnownFileType = sourcecode.swift; path = LinkAttachment.swift; sourceTree = "<group>"; };
		A3BFC32E1FABA43900616E3D /* PollAnswerModel.swift */ = {isa = PBXFileReference; lastKnownFileType = sourcecode.swift; path = PollAnswerModel.swift; sourceTree = "<group>"; };
		A3BFC3311FABC4B800616E3D /* NewsFeedTableViewCellDataSource.swift */ = {isa = PBXFileReference; fileEncoding = 4; lastKnownFileType = sourcecode.swift; path = NewsFeedTableViewCellDataSource.swift; sourceTree = "<group>"; };
		A3C5085B1FAD0935006734C8 /* UIImage+MaskWithColor.swift */ = {isa = PBXFileReference; lastKnownFileType = sourcecode.swift; path = "UIImage+MaskWithColor.swift"; sourceTree = "<group>"; };
		A3C713CA1F94764800387AD6 /* TabBarController.swift */ = {isa = PBXFileReference; lastKnownFileType = sourcecode.swift; name = TabBarController.swift; path = VKApplication/Presentation/TabBarController.swift; sourceTree = SOURCE_ROOT; };
		A3CCB6B61FD094580032A5F4 /* AttachmentLinkViewDelegate.swift */ = {isa = PBXFileReference; lastKnownFileType = sourcecode.swift; path = AttachmentLinkViewDelegate.swift; sourceTree = "<group>"; };
		A3CCB6B81FD0A1FD0032A5F4 /* NewsFeedTableViewCellDelegate.swift */ = {isa = PBXFileReference; lastKnownFileType = sourcecode.swift; path = NewsFeedTableViewCellDelegate.swift; sourceTree = "<group>"; };
		A3D4B0BE1FA87C9E00DFC3FB /* AttachmentLinkView.xib */ = {isa = PBXFileReference; lastKnownFileType = file.xib; path = AttachmentLinkView.xib; sourceTree = "<group>"; };
		A3D4B0C01FA8842500DFC3FB /* AttachmentLinkView.swift */ = {isa = PBXFileReference; lastKnownFileType = sourcecode.swift; path = AttachmentLinkView.swift; sourceTree = "<group>"; };
		A3D4B0C31FA8BD4500DFC3FB /* RepostHeaderView.xib */ = {isa = PBXFileReference; lastKnownFileType = file.xib; path = RepostHeaderView.xib; sourceTree = "<group>"; };
		A3D4B0C51FA8BD5C00DFC3FB /* RepostHeaderView.swift */ = {isa = PBXFileReference; lastKnownFileType = sourcecode.swift; path = RepostHeaderView.swift; sourceTree = "<group>"; };
		A3E18E701F93DFF10060AB55 /* AuthorizationService.swift */ = {isa = PBXFileReference; lastKnownFileType = sourcecode.swift; path = AuthorizationService.swift; sourceTree = "<group>"; };
		A3E18E731F93E9D50060AB55 /* UserDefaultsKey.swift */ = {isa = PBXFileReference; lastKnownFileType = sourcecode.swift; path = UserDefaultsKey.swift; sourceTree = "<group>"; };
		A3E18E751F93E9E20060AB55 /* SegueIdentifier.swift */ = {isa = PBXFileReference; lastKnownFileType = sourcecode.swift; path = SegueIdentifier.swift; sourceTree = "<group>"; };
		A3E18E771F93EE430060AB55 /* KeychainKey.swift */ = {isa = PBXFileReference; lastKnownFileType = sourcecode.swift; path = KeychainKey.swift; sourceTree = "<group>"; };
		A3E18E7B1F93FE2A0060AB55 /* Friend.swift */ = {isa = PBXFileReference; lastKnownFileType = sourcecode.swift; path = Friend.swift; sourceTree = "<group>"; };
		A3E18E7D1F93FE750060AB55 /* Group.swift */ = {isa = PBXFileReference; lastKnownFileType = sourcecode.swift; path = Group.swift; sourceTree = "<group>"; };
		A3E18E7F1F93FEA70060AB55 /* Photo.swift */ = {isa = PBXFileReference; lastKnownFileType = sourcecode.swift; path = Photo.swift; sourceTree = "<group>"; };
		A3E18E811F9417430060AB55 /* FriendsService.swift */ = {isa = PBXFileReference; lastKnownFileType = sourcecode.swift; path = FriendsService.swift; sourceTree = "<group>"; };
		A3E18E831F9417590060AB55 /* GroupService.swift */ = {isa = PBXFileReference; lastKnownFileType = sourcecode.swift; path = GroupService.swift; sourceTree = "<group>"; };
		A3E18E851F9417670060AB55 /* PhotoService.swift */ = {isa = PBXFileReference; lastKnownFileType = sourcecode.swift; path = PhotoService.swift; sourceTree = "<group>"; };
		A3F92C561F94E05F00C446A2 /* GetUserFriendsResponse.swift */ = {isa = PBXFileReference; lastKnownFileType = sourcecode.swift; path = GetUserFriendsResponse.swift; sourceTree = "<group>"; };
		A3F92C581F94E16100C446A2 /* GetUserPhotosResponse.swift */ = {isa = PBXFileReference; lastKnownFileType = sourcecode.swift; path = GetUserPhotosResponse.swift; sourceTree = "<group>"; };
		A3F92C5C1F94E27F00C446A2 /* GetUserGroupsResponse.swift */ = {isa = PBXFileReference; lastKnownFileType = sourcecode.swift; path = GetUserGroupsResponse.swift; sourceTree = "<group>"; };
		A3F92C5E1F94E2A400C446A2 /* SearchGroupsResponse.swift */ = {isa = PBXFileReference; lastKnownFileType = sourcecode.swift; path = SearchGroupsResponse.swift; sourceTree = "<group>"; };
		A3F92C601F94E2B900C446A2 /* JoinGroupResponse.swift */ = {isa = PBXFileReference; lastKnownFileType = sourcecode.swift; path = JoinGroupResponse.swift; sourceTree = "<group>"; };
		A3F92C631F94E2DC00C446A2 /* LeaveGroupResponse.swift */ = {isa = PBXFileReference; lastKnownFileType = sourcecode.swift; path = LeaveGroupResponse.swift; sourceTree = "<group>"; };
		AB01EFA41AF5F58B41BAA07C /* Pods_VKApplication.framework */ = {isa = PBXFileReference; explicitFileType = wrapper.framework; includeInIndex = 0; path = Pods_VKApplication.framework; sourceTree = BUILT_PRODUCTS_DIR; };
/* End PBXFileReference section */

/* Begin PBXFrameworksBuildPhase section */
		A3875B931F920B74004A1D47 /* Frameworks */ = {
			isa = PBXFrameworksBuildPhase;
			buildActionMask = 2147483647;
			files = (
				A3103FE21FD6CF1100CB5CFE /* MapKit.framework in Frameworks */,
				B25DBA804B9547B12146ECD9 /* Pods_VKApplication.framework in Frameworks */,
			);
			runOnlyForDeploymentPostprocessing = 0;
		};
/* End PBXFrameworksBuildPhase section */

/* Begin PBXGroup section */
		63BAA43114BFAEC07A456EF2 /* Frameworks */ = {
			isa = PBXGroup;
			children = (
				A3103FE11FD6CF1100CB5CFE /* MapKit.framework */,
				AB01EFA41AF5F58B41BAA07C /* Pods_VKApplication.framework */,
			);
			name = Frameworks;
			sourceTree = "<group>";
		};
		A30BCCBC1F95545600C6495F /* FriendsList */ = {
			isa = PBXGroup;
			children = (
				A30076321F9530500064598E /* FriendsListTableViewController.swift */,
				A30076341F9530670064598E /* FriendListTableViewCell.swift */,
			);
			path = FriendsList;
			sourceTree = "<group>";
		};
		A30BCCBD1F95546900C6495F /* FriendPhotoCollection */ = {
			isa = PBXGroup;
			children = (
				A30076381F9536210064598E /* PhotoCollectionViewController.swift */,
				A30BCCAE1F954E8000C6495F /* PhotoCollectionViewCell.swift */,
			);
			path = FriendPhotoCollection;
			sourceTree = "<group>";
		};
		A30BCCBE1F95548700C6495F /* UserGroupsList */ = {
			isa = PBXGroup;
			children = (
				A30BCCB81F95541F00C6495F /* UserGroupsListTableViewController.swift */,
				A30BCCBA1F95543500C6495F /* UserGroupsListTableViewCell.swift */,
			);
			path = UserGroupsList;
			sourceTree = "<group>";
		};
		A30BCCBF1F95549A00C6495F /* SearchGroupsList */ = {
			isa = PBXGroup;
			children = (
				A30BCCB61F9553F600C6495F /* SearchGroupsListTableViewController.swift */,
				A30BCCB41F9553E100C6495F /* SearchGroupsListTableViewCell.swift */,
			);
			path = SearchGroupsList;
			sourceTree = "<group>";
		};
		A3103FD81FD6AA4A00CB5CFE /* ChooseLocationController */ = {
			isa = PBXGroup;
			children = (
				A3103FDF1FD6CEDB00CB5CFE /* MapTableHeaderView.swift */,
				A339A6C91FD735DE00D721AC /* ChooseUserLocationViewController.swift */,
				A34E5B791FD83F02001FFCE4 /* ChooseUserLocationTableViewCell.swift */,
				A34E5B7B1FD850E0001FFCE4 /* ChooseUserLocationTableViewControllerDelegate.swift */,
			);
			path = ChooseLocationController;
			sourceTree = "<group>";
		};
		A345FBFE1FD3470E00E1632C /* Wall */ = {
			isa = PBXGroup;
			children = (
				A345FBFF1FD3472800E1632C /* WallService.swift */,
				A345FC011FD3474E00E1632C /* NewPostResponse.swift */,
			);
			path = Wall;
			sourceTree = "<group>";
		};
		A345FC051FD5E7F300E1632C /* NewPostViewController */ = {
			isa = PBXGroup;
			children = (
				A3103FD81FD6AA4A00CB5CFE /* ChooseLocationController */,
				A345FBFC1FD3407100E1632C /* NewPostViewController.swift */,
				A345FC031FD5E7E700E1632C /* NewPostViewControllerDelegate.swift */,
			);
			path = NewPostViewController;
			sourceTree = "<group>";
		};
		A34E5B701FD7FAEB001FFCE4 /* Places */ = {
			isa = PBXGroup;
			children = (
				A34E5B711FD7FB21001FFCE4 /* PlacesService.swift */,
				A34E5B771FD7FFC2001FFCE4 /* GetPlacesNearCoordinateResponse.swift */,
			);
			path = Places;
			sourceTree = "<group>";
		};
		A3573CBF1FAC8FA200235C93 /* AttachmentPollAnswerView */ = {
			isa = PBXGroup;
			children = (
				A3573CC01FAC8FDC00235C93 /* AttachmentPollAnswerView.xib */,
				A3573CC21FAC8FE800235C93 /* AttachmentPollAnswerView.swift */,
			);
			path = AttachmentPollAnswerView;
			sourceTree = "<group>";
		};
		A374C7D11FA62419000ED379 /* AttachmentVideoView */ = {
			isa = PBXGroup;
			children = (
				A374C7D41FA6244F000ED379 /* AttachmentVideoView.xib */,
				A374C7D21FA6243B000ED379 /* AttachmentVideoView.swift */,
			);
			path = AttachmentVideoView;
			sourceTree = "<group>";
		};
		A38022C81F9F9926003954F8 /* NewsFeed */ = {
			isa = PBXGroup;
			children = (
				A38022C91F9F9994003954F8 /* NewsFeedService.swift */,
				A38022CB1F9F9DA8003954F8 /* GetNewsFeedResponse.swift */,
			);
			path = NewsFeed;
			sourceTree = "<group>";
		};
		A38022CF1FA05C3E003954F8 /* NewsFeed */ = {
			isa = PBXGroup;
			children = (
				A38022D01FA05C71003954F8 /* NewsFeedTableViewController.swift */,
				A345FC051FD5E7F300E1632C /* NewPostViewController */,
				A3BFC3301FABC42C00616E3D /* NewsFeedTableViewCell */,
			);
			path = NewsFeed;
			sourceTree = "<group>";
		};
		A38022D41FA08D05003954F8 /* AttachmentPhotoView */ = {
			isa = PBXGroup;
			children = (
				A38022D51FA08D56003954F8 /* AttachmentPhotoView.xib */,
				A38022D71FA08D5E003954F8 /* AttachmentPhotoView.swift */,
			);
			path = AttachmentPhotoView;
			sourceTree = "<group>";
		};
		A38022D91FA08EDA003954F8 /* Extensions */ = {
			isa = PBXGroup;
			children = (
				A38022DE1FA0964E003954F8 /* CGSize+Scaled.swift */,
				A38022DA1FA08EEB003954F8 /* UIView+LayoutAttachAll.swift */,
				A38022DC1FA08F10003954F8 /* UIView+FromNib.swift */,
				A38022E01FA0A3A6003954F8 /* UIStackView+Clean.swift */,
				A3C5085B1FAD0935006734C8 /* UIImage+MaskWithColor.swift */,
				A345FC061FD5FF3800E1632C /* String+IsEmptyOrWhitespace.swift */,
			);
			path = Extensions;
			sourceTree = "<group>";
		};
		A38022E21FA0AA18003954F8 /* AttachmentModels */ = {
			isa = PBXGroup;
			children = (
				A38022F11FA12A37003954F8 /* Attachment.swift */,
				A38022E31FA0AA8A003954F8 /* PhotoAttachment.swift */,
				A38022E51FA0AB20003954F8 /* VideoAttachment.swift */,
				A38022E71FA0AB43003954F8 /* AudioAttachment.swift */,
				A38022E91FA0AB5F003954F8 /* DocAttachment.swift */,
				A38022EB1FA0AB7E003954F8 /* PollAttachment.swift */,
				A3BFC32E1FABA43900616E3D /* PollAnswerModel.swift */,
				A3A8C9B01FA2909400388BCF /* LinkAttachment.swift */,
				A38022F71FA1A2BD003954F8 /* AttachmentModel.swift */,
			);
			path = AttachmentModels;
			sourceTree = "<group>";
		};
		A38022F91FA1AFB0003954F8 /* AttachmentAudioView */ = {
			isa = PBXGroup;
			children = (
				A38022FA1FA1AFDE003954F8 /* AttachmentAudioView.xib */,
				A3592CA41FA62F6C00A93CED /* AttachmentAudioView.swift */,
			);
			path = AttachmentAudioView;
			sourceTree = "<group>";
		};
		A38022FE1FA1B6DE003954F8 /* AttachmentDocView */ = {
			isa = PBXGroup;
			children = (
				A38022FC1FA1B51E003954F8 /* AttachmentDocView.xib */,
				A3573CBD1FAC71A500235C93 /* AttachmentDocView.swift */,
			);
			path = AttachmentDocView;
			sourceTree = "<group>";
		};
		A38023021FA1B9E9003954F8 /* NewsFeedPostModel */ = {
			isa = PBXGroup;
			children = (
				A38022EF1FA12A02003954F8 /* Place.swift */,
				A38022ED1FA121A7003954F8 /* NewsFeedPost.swift */,
				A38022E21FA0AA18003954F8 /* AttachmentModels */,
			);
			path = NewsFeedPostModel;
			sourceTree = "<group>";
		};
		A3875B8D1F920B74004A1D47 = {
			isa = PBXGroup;
			children = (
				A3875B981F920B74004A1D47 /* VKApplication */,
				A3875B971F920B74004A1D47 /* Products */,
				F126F9D711BDE953717B62AF /* Pods */,
				A3875BA01F920B74004A1D47 /* Assets.xcassets */,
				63BAA43114BFAEC07A456EF2 /* Frameworks */,
			);
			sourceTree = "<group>";
		};
		A3875B971F920B74004A1D47 /* Products */ = {
			isa = PBXGroup;
			children = (
				A3875B961F920B74004A1D47 /* VKApplication.app */,
			);
			name = Products;
			sourceTree = "<group>";
		};
		A3875B981F920B74004A1D47 /* VKApplication */ = {
			isa = PBXGroup;
			children = (
				A38022D91FA08EDA003954F8 /* Extensions */,
				A3E18E721F93E9C10060AB55 /* Constants */,
				A3875BAC1F920FDA004A1D47 /* Entities */,
				A3875BAB1F920FC7004A1D47 /* Services */,
				A3875BAD1F921088004A1D47 /* Presentation */,
				A3875B991F920B74004A1D47 /* AppDelegate.swift */,
				A3875B9D1F920B74004A1D47 /* Main.storyboard */,
				A3875BA21F920B74004A1D47 /* LaunchScreen.storyboard */,
				A3875BA51F920B74004A1D47 /* Info.plist */,
			);
			path = VKApplication;
			sourceTree = "<group>";
		};
		A3875BAB1F920FC7004A1D47 /* Services */ = {
			isa = PBXGroup;
			children = (
				A38E148E1FDD7FDC007DD5E8 /* Managers */,
				A3875BAF1F9210F0004A1D47 /* Network */,
			);
			path = Services;
			sourceTree = "<group>";
		};
		A3875BAC1F920FDA004A1D47 /* Entities */ = {
			isa = PBXGroup;
			children = (
				A3E18E7B1F93FE2A0060AB55 /* Friend.swift */,
				A3E18E7D1F93FE750060AB55 /* Group.swift */,
				A3E18E7F1F93FEA70060AB55 /* Photo.swift */,
				A38E14821FDD52A4007DD5E8 /* FriendRequestUser.swift */,
				A38023021FA1B9E9003954F8 /* NewsFeedPostModel */,
			);
			path = Entities;
			sourceTree = "<group>";
		};
		A3875BAD1F921088004A1D47 /* Presentation */ = {
			isa = PBXGroup;
			children = (
				A3C713CA1F94764800387AD6 /* TabBarController.swift */,
				A3875BB31F921334004A1D47 /* StartViewController.swift */,
				A3875BB01F921254004A1D47 /* Authorization */,
				A30BCCBC1F95545600C6495F /* FriendsList */,
				A38E14841FDD5505007DD5E8 /* FriendRequestsList */,
				A30BCCBD1F95546900C6495F /* FriendPhotoCollection */,
				A30BCCBE1F95548700C6495F /* UserGroupsList */,
				A30BCCBF1F95549A00C6495F /* SearchGroupsList */,
				A38022CF1FA05C3E003954F8 /* NewsFeed */,
			);
			path = Presentation;
			sourceTree = "<group>";
		};
		A3875BAF1F9210F0004A1D47 /* Network */ = {
			isa = PBXGroup;
			children = (
				A3F92C681F94E8B100C446A2 /* Auth */,
				A3F92C651F94E84800C446A2 /* Friend */,
				A3F92C661F94E89A00C446A2 /* Group */,
				A3F92C671F94E8A800C446A2 /* Photo */,
				A38022C81F9F9926003954F8 /* NewsFeed */,
				A345FBFE1FD3470E00E1632C /* Wall */,
				A34E5B701FD7FAEB001FFCE4 /* Places */,
				A38E148B1FDD7420007DD5E8 /* Users */,
			);
			path = Network;
			sourceTree = "<group>";
		};
		A3875BB01F921254004A1D47 /* Authorization */ = {
			isa = PBXGroup;
			children = (
				A3875BB11F92128D004A1D47 /* AuthorizationViewController.swift */,
			);
			path = Authorization;
			sourceTree = "<group>";
		};
		A38E14841FDD5505007DD5E8 /* FriendRequestsList */ = {
			isa = PBXGroup;
			children = (
				A38E14851FDD5548007DD5E8 /* FriendRequestsListTableViewController.swift */,
				A38E14871FDD555D007DD5E8 /* FriendRequestsListTableViewCell.swift */,
			);
			path = FriendRequestsList;
			sourceTree = "<group>";
		};
		A38E148B1FDD7420007DD5E8 /* Users */ = {
			isa = PBXGroup;
			children = (
				A38E14891FDD7416007DD5E8 /* UsersService.swift */,
				A38E14801FDD4BCE007DD5E8 /* GetInformationAboutUsersResponse.swift */,
			);
			path = Users;
			sourceTree = "<group>";
		};
		A38E148E1FDD7FDC007DD5E8 /* Managers */ = {
			isa = PBXGroup;
			children = (
				A30076361F95326E0064598E /* DatabaseManager.swift */,
				A3103FE51FD7080D00CB5CFE /* LocationManager.swift */,
				A3103FE71FD70F0900CB5CFE /* LocationManagerDelegate.swift */,
			);
			path = Managers;
			sourceTree = "<group>";
		};
		A3BFC3301FABC42C00616E3D /* NewsFeedTableViewCell */ = {
			isa = PBXGroup;
			children = (
				A38022D21FA05C8A003954F8 /* NewsFeedTableViewCell.swift */,
				A3BFC3311FABC4B800616E3D /* NewsFeedTableViewCellDataSource.swift */,
				A3CCB6B81FD0A1FD0032A5F4 /* NewsFeedTableViewCellDelegate.swift */,
				A3D4B0C21FA8BD2800DFC3FB /* RepostHeaderView */,
				A38022D41FA08D05003954F8 /* AttachmentPhotoView */,
				A374C7D11FA62419000ED379 /* AttachmentVideoView */,
				A38022F91FA1AFB0003954F8 /* AttachmentAudioView */,
				A3D4B0BB1FA87C3B00DFC3FB /* AttachmentPollView */,
				A3D4B0BD1FA87C5A00DFC3FB /* AttachmentLinkView */,
				A38022FE1FA1B6DE003954F8 /* AttachmentDocView */,
			);
			path = NewsFeedTableViewCell;
			sourceTree = "<group>";
		};
		A3D4B0BB1FA87C3B00DFC3FB /* AttachmentPollView */ = {
			isa = PBXGroup;
			children = (
				A3573CB91FAC6BB000235C93 /* AttachmentPollView.xib */,
				A3573CBB1FAC6BC200235C93 /* AttachmentPollView.swift */,
				A3573CBF1FAC8FA200235C93 /* AttachmentPollAnswerView */,
			);
			path = AttachmentPollView;
			sourceTree = "<group>";
		};
		A3D4B0BD1FA87C5A00DFC3FB /* AttachmentLinkView */ = {
			isa = PBXGroup;
			children = (
				A3D4B0BE1FA87C9E00DFC3FB /* AttachmentLinkView.xib */,
				A3D4B0C01FA8842500DFC3FB /* AttachmentLinkView.swift */,
				A3CCB6B61FD094580032A5F4 /* AttachmentLinkViewDelegate.swift */,
			);
			path = AttachmentLinkView;
			sourceTree = "<group>";
		};
		A3D4B0C21FA8BD2800DFC3FB /* RepostHeaderView */ = {
			isa = PBXGroup;
			children = (
				A3D4B0C31FA8BD4500DFC3FB /* RepostHeaderView.xib */,
				A3D4B0C51FA8BD5C00DFC3FB /* RepostHeaderView.swift */,
			);
			path = RepostHeaderView;
			sourceTree = "<group>";
		};
		A3E18E721F93E9C10060AB55 /* Constants */ = {
			isa = PBXGroup;
			children = (
				A3E18E731F93E9D50060AB55 /* UserDefaultsKey.swift */,
				A3E18E751F93E9E20060AB55 /* SegueIdentifier.swift */,
				A3E18E771F93EE430060AB55 /* KeychainKey.swift */,
				A345FBFA1FD324A700E1632C /* DateTimeFormatter.swift */,
			);
			path = Constants;
			sourceTree = "<group>";
		};
		A3F92C651F94E84800C446A2 /* Friend */ = {
			isa = PBXGroup;
			children = (
				A3F92C561F94E05F00C446A2 /* GetUserFriendsResponse.swift */,
				A38E148C1FDD75A8007DD5E8 /* GetRequestsResponse.swift */,
				A3E18E811F9417430060AB55 /* FriendsService.swift */,
			);
			path = Friend;
			sourceTree = "<group>";
		};
		A3F92C661F94E89A00C446A2 /* Group */ = {
			isa = PBXGroup;
			children = (
				A3F92C5C1F94E27F00C446A2 /* GetUserGroupsResponse.swift */,
				A3F92C5E1F94E2A400C446A2 /* SearchGroupsResponse.swift */,
				A3F92C601F94E2B900C446A2 /* JoinGroupResponse.swift */,
				A3F92C631F94E2DC00C446A2 /* LeaveGroupResponse.swift */,
				A3E18E831F9417590060AB55 /* GroupService.swift */,
			);
			path = Group;
			sourceTree = "<group>";
		};
		A3F92C671F94E8A800C446A2 /* Photo */ = {
			isa = PBXGroup;
			children = (
				A3F92C581F94E16100C446A2 /* GetUserPhotosResponse.swift */,
				A3E18E851F9417670060AB55 /* PhotoService.swift */,
			);
			path = Photo;
			sourceTree = "<group>";
		};
		A3F92C681F94E8B100C446A2 /* Auth */ = {
			isa = PBXGroup;
			children = (
				A3E18E701F93DFF10060AB55 /* AuthorizationService.swift */,
			);
			path = Auth;
			sourceTree = "<group>";
		};
		F126F9D711BDE953717B62AF /* Pods */ = {
			isa = PBXGroup;
			children = (
				6A7C702F4BDDD8838F18B1AC /* Pods-VKApplication.debug.xcconfig */,
				5021D90549824CB899E60DE8 /* Pods-VKApplication.release.xcconfig */,
			);
			name = Pods;
			sourceTree = "<group>";
		};
/* End PBXGroup section */

/* Begin PBXNativeTarget section */
		A3875B951F920B74004A1D47 /* VKApplication */ = {
			isa = PBXNativeTarget;
			buildConfigurationList = A3875BA81F920B74004A1D47 /* Build configuration list for PBXNativeTarget "VKApplication" */;
			buildPhases = (
				DB535A5C6CA898FDEEEF2A96 /* [CP] Check Pods Manifest.lock */,
				A3875B921F920B74004A1D47 /* Sources */,
				A3875B931F920B74004A1D47 /* Frameworks */,
				A3875B941F920B74004A1D47 /* Resources */,
				CED030AC6FD2E9C6115B04FE /* [CP] Embed Pods Frameworks */,
				AAA410FD89DA7B0598D2708E /* [CP] Copy Pods Resources */,
			);
			buildRules = (
			);
			dependencies = (
			);
			name = VKApplication;
			productName = VKApplication;
			productReference = A3875B961F920B74004A1D47 /* VKApplication.app */;
			productType = "com.apple.product-type.application";
		};
/* End PBXNativeTarget section */

/* Begin PBXProject section */
		A3875B8E1F920B74004A1D47 /* Project object */ = {
			isa = PBXProject;
			attributes = {
				LastSwiftUpdateCheck = 0900;
				LastUpgradeCheck = 0900;
				ORGANIZATIONNAME = "Nataliia Volkova";
				TargetAttributes = {
					A3875B951F920B74004A1D47 = {
						CreatedOnToolsVersion = 9.0;
						ProvisioningStyle = Automatic;
						SystemCapabilities = {
							com.apple.Maps.iOS = {
								enabled = 1;
							};
						};
					};
				};
			};
			buildConfigurationList = A3875B911F920B74004A1D47 /* Build configuration list for PBXProject "VKApplication" */;
			compatibilityVersion = "Xcode 8.0";
			developmentRegion = en;
			hasScannedForEncodings = 0;
			knownRegions = (
				en,
				Base,
			);
			mainGroup = A3875B8D1F920B74004A1D47;
			productRefGroup = A3875B971F920B74004A1D47 /* Products */;
			projectDirPath = "";
			projectRoot = "";
			targets = (
				A3875B951F920B74004A1D47 /* VKApplication */,
			);
		};
/* End PBXProject section */

/* Begin PBXResourcesBuildPhase section */
		A3875B941F920B74004A1D47 /* Resources */ = {
			isa = PBXResourcesBuildPhase;
			buildActionMask = 2147483647;
			files = (
				A3D4B0C41FA8BD4600DFC3FB /* RepostHeaderView.xib in Resources */,
				A3573CC11FAC8FDC00235C93 /* AttachmentPollAnswerView.xib in Resources */,
				A38022FD1FA1B51E003954F8 /* AttachmentDocView.xib in Resources */,
				A3D4B0BF1FA87C9E00DFC3FB /* AttachmentLinkView.xib in Resources */,
				A3875BA41F920B74004A1D47 /* LaunchScreen.storyboard in Resources */,
				A374C7D51FA6244F000ED379 /* AttachmentVideoView.xib in Resources */,
				A38022FB1FA1AFDE003954F8 /* AttachmentAudioView.xib in Resources */,
				A3875BA11F920B74004A1D47 /* Assets.xcassets in Resources */,
				A38022D61FA08D56003954F8 /* AttachmentPhotoView.xib in Resources */,
				A3573CBA1FAC6BB000235C93 /* AttachmentPollView.xib in Resources */,
				A3875B9F1F920B74004A1D47 /* Main.storyboard in Resources */,
			);
			runOnlyForDeploymentPostprocessing = 0;
		};
/* End PBXResourcesBuildPhase section */

/* Begin PBXShellScriptBuildPhase section */
		AAA410FD89DA7B0598D2708E /* [CP] Copy Pods Resources */ = {
			isa = PBXShellScriptBuildPhase;
			buildActionMask = 2147483647;
			files = (
			);
			inputPaths = (
			);
			name = "[CP] Copy Pods Resources";
			outputPaths = (
			);
			runOnlyForDeploymentPostprocessing = 0;
			shellPath = /bin/sh;
			shellScript = "\"${SRCROOT}/Pods/Target Support Files/Pods-VKApplication/Pods-VKApplication-resources.sh\"\n";
			showEnvVarsInLog = 0;
		};
		CED030AC6FD2E9C6115B04FE /* [CP] Embed Pods Frameworks */ = {
			isa = PBXShellScriptBuildPhase;
			buildActionMask = 2147483647;
			files = (
			);
			inputPaths = (
				"${SRCROOT}/Pods/Target Support Files/Pods-VKApplication/Pods-VKApplication-frameworks.sh",
				"${BUILT_PRODUCTS_DIR}/Alamofire/Alamofire.framework",
				"${BUILT_PRODUCTS_DIR}/KMPlaceholderTextView/KMPlaceholderTextView.framework",
				"${BUILT_PRODUCTS_DIR}/Realm/Realm.framework",
				"${BUILT_PRODUCTS_DIR}/RealmSwift/RealmSwift.framework",
				"${BUILT_PRODUCTS_DIR}/SDWebImage/SDWebImage.framework",
				"${BUILT_PRODUCTS_DIR}/SwiftKeychainWrapper/SwiftKeychainWrapper.framework",
				"${BUILT_PRODUCTS_DIR}/SwiftyJSON/SwiftyJSON.framework",
			);
			name = "[CP] Embed Pods Frameworks";
			outputPaths = (
				"${TARGET_BUILD_DIR}/${FRAMEWORKS_FOLDER_PATH}/Alamofire.framework",
				"${TARGET_BUILD_DIR}/${FRAMEWORKS_FOLDER_PATH}/KMPlaceholderTextView.framework",
				"${TARGET_BUILD_DIR}/${FRAMEWORKS_FOLDER_PATH}/Realm.framework",
				"${TARGET_BUILD_DIR}/${FRAMEWORKS_FOLDER_PATH}/RealmSwift.framework",
				"${TARGET_BUILD_DIR}/${FRAMEWORKS_FOLDER_PATH}/SDWebImage.framework",
				"${TARGET_BUILD_DIR}/${FRAMEWORKS_FOLDER_PATH}/SwiftKeychainWrapper.framework",
				"${TARGET_BUILD_DIR}/${FRAMEWORKS_FOLDER_PATH}/SwiftyJSON.framework",
			);
			runOnlyForDeploymentPostprocessing = 0;
			shellPath = /bin/sh;
			shellScript = "\"${SRCROOT}/Pods/Target Support Files/Pods-VKApplication/Pods-VKApplication-frameworks.sh\"\n";
			showEnvVarsInLog = 0;
		};
		DB535A5C6CA898FDEEEF2A96 /* [CP] Check Pods Manifest.lock */ = {
			isa = PBXShellScriptBuildPhase;
			buildActionMask = 2147483647;
			files = (
			);
			inputPaths = (
				"${PODS_PODFILE_DIR_PATH}/Podfile.lock",
				"${PODS_ROOT}/Manifest.lock",
			);
			name = "[CP] Check Pods Manifest.lock";
			outputPaths = (
				"$(DERIVED_FILE_DIR)/Pods-VKApplication-checkManifestLockResult.txt",
			);
			runOnlyForDeploymentPostprocessing = 0;
			shellPath = /bin/sh;
			shellScript = "diff \"${PODS_PODFILE_DIR_PATH}/Podfile.lock\" \"${PODS_ROOT}/Manifest.lock\" > /dev/null\nif [ $? != 0 ] ; then\n    # print error to STDERR\n    echo \"error: The sandbox is not in sync with the Podfile.lock. Run 'pod install' or update your CocoaPods installation.\" >&2\n    exit 1\nfi\n# This output is used by Xcode 'outputs' to avoid re-running this script phase.\necho \"SUCCESS\" > \"${SCRIPT_OUTPUT_FILE_0}\"\n";
			showEnvVarsInLog = 0;
		};
/* End PBXShellScriptBuildPhase section */

/* Begin PBXSourcesBuildPhase section */
		A3875B921F920B74004A1D47 /* Sources */ = {
			isa = PBXSourcesBuildPhase;
			buildActionMask = 2147483647;
			files = (
				A3F92C641F94E2DC00C446A2 /* LeaveGroupResponse.swift in Sources */,
				A30BCCAF1F954E8000C6495F /* PhotoCollectionViewCell.swift in Sources */,
				A3573CC31FAC8FE800235C93 /* AttachmentPollAnswerView.swift in Sources */,
				A3592CA51FA62F6C00A93CED /* AttachmentAudioView.swift in Sources */,
				A38022DD1FA08F10003954F8 /* UIView+FromNib.swift in Sources */,
				A3E18E741F93E9D50060AB55 /* UserDefaultsKey.swift in Sources */,
				A38022E11FA0A3A6003954F8 /* UIStackView+Clean.swift in Sources */,
				A3D4B0C11FA8842500DFC3FB /* AttachmentLinkView.swift in Sources */,
				A34E5B7A1FD83F02001FFCE4 /* ChooseUserLocationTableViewCell.swift in Sources */,
				A38022E81FA0AB43003954F8 /* AudioAttachment.swift in Sources */,
				A34E5B721FD7FB21001FFCE4 /* PlacesService.swift in Sources */,
				A30076351F9530670064598E /* FriendListTableViewCell.swift in Sources */,
				A345FC001FD3472800E1632C /* WallService.swift in Sources */,
				A3E18E781F93EE430060AB55 /* KeychainKey.swift in Sources */,
				A3F92C591F94E16100C446A2 /* GetUserPhotosResponse.swift in Sources */,
				A34E5B7C1FD850E0001FFCE4 /* ChooseUserLocationTableViewControllerDelegate.swift in Sources */,
				A38022CA1F9F9994003954F8 /* NewsFeedService.swift in Sources */,
				A3CCB6B71FD094580032A5F4 /* AttachmentLinkViewDelegate.swift in Sources */,
				A345FC021FD3474E00E1632C /* NewPostResponse.swift in Sources */,
				A3C5085C1FAD0935006734C8 /* UIImage+MaskWithColor.swift in Sources */,
				A3BFC32F1FABA43900616E3D /* PollAnswerModel.swift in Sources */,
				A345FC071FD5FF3800E1632C /* String+IsEmptyOrWhitespace.swift in Sources */,
				A3875BB21F92128D004A1D47 /* AuthorizationViewController.swift in Sources */,
				A38022EC1FA0AB7E003954F8 /* PollAttachment.swift in Sources */,
				A30076331F9530500064598E /* FriendsListTableViewController.swift in Sources */,
				A38022E41FA0AA8A003954F8 /* PhotoAttachment.swift in Sources */,
				A3C713CB1F94764800387AD6 /* TabBarController.swift in Sources */,
				A30076371F95326E0064598E /* DatabaseManager.swift in Sources */,
				A3D4B0C61FA8BD5C00DFC3FB /* RepostHeaderView.swift in Sources */,
				A3573CBE1FAC71A500235C93 /* AttachmentDocView.swift in Sources */,
				A3E18E7E1F93FE750060AB55 /* Group.swift in Sources */,
				A34E5B781FD7FFC2001FFCE4 /* GetPlacesNearCoordinateResponse.swift in Sources */,
				A3E18E711F93DFF10060AB55 /* AuthorizationService.swift in Sources */,
				A3103FE01FD6CEDB00CB5CFE /* MapTableHeaderView.swift in Sources */,
				A3E18E761F93E9E20060AB55 /* SegueIdentifier.swift in Sources */,
				A38022E61FA0AB20003954F8 /* VideoAttachment.swift in Sources */,
				A3F92C5D1F94E27F00C446A2 /* GetUserGroupsResponse.swift in Sources */,
				A3F92C611F94E2B900C446A2 /* JoinGroupResponse.swift in Sources */,
				A38022F01FA12A02003954F8 /* Place.swift in Sources */,
				A38E14831FDD52A4007DD5E8 /* FriendRequestUser.swift in Sources */,
				A38022EA1FA0AB5F003954F8 /* DocAttachment.swift in Sources */,
				A374C7D31FA6243B000ED379 /* AttachmentVideoView.swift in Sources */,
				A3CCB6B91FD0A1FD0032A5F4 /* NewsFeedTableViewCellDelegate.swift in Sources */,
				A3E18E861F9417670060AB55 /* PhotoService.swift in Sources */,
				A339A6CA1FD735DE00D721AC /* ChooseUserLocationViewController.swift in Sources */,
				A3875BB41F921334004A1D47 /* StartViewController.swift in Sources */,
				A3573CBC1FAC6BC200235C93 /* AttachmentPollView.swift in Sources */,
				A38E14861FDD5548007DD5E8 /* FriendRequestsListTableViewController.swift in Sources */,
				A38E148A1FDD7416007DD5E8 /* UsersService.swift in Sources */,
				A3A8C9B11FA2909400388BCF /* LinkAttachment.swift in Sources */,
				A38022F81FA1A2BD003954F8 /* AttachmentModel.swift in Sources */,
				A38E14881FDD555D007DD5E8 /* FriendRequestsListTableViewCell.swift in Sources */,
				A3E18E801F93FEA70060AB55 /* Photo.swift in Sources */,
				A3E18E7C1F93FE2A0060AB55 /* Friend.swift in Sources */,
				A3BFC3321FABC4B800616E3D /* NewsFeedTableViewCellDataSource.swift in Sources */,
				A38E14811FDD4BCE007DD5E8 /* GetInformationAboutUsersResponse.swift in Sources */,
				A38022CC1F9F9DA8003954F8 /* GetNewsFeedResponse.swift in Sources */,
				A3F92C5F1F94E2A400C446A2 /* SearchGroupsResponse.swift in Sources */,
				A30BCCBB1F95543500C6495F /* UserGroupsListTableViewCell.swift in Sources */,
				A38022F21FA12A37003954F8 /* Attachment.swift in Sources */,
				A38022DB1FA08EEB003954F8 /* UIView+LayoutAttachAll.swift in Sources */,
				A345FBFD1FD3407100E1632C /* NewPostViewController.swift in Sources */,
				A3103FE61FD7080D00CB5CFE /* LocationManager.swift in Sources */,
				A38022EE1FA121A7003954F8 /* NewsFeedPost.swift in Sources */,
				A3E18E841F9417590060AB55 /* GroupService.swift in Sources */,
				A38022DF1FA0964E003954F8 /* CGSize+Scaled.swift in Sources */,
				A38022D31FA05C8A003954F8 /* NewsFeedTableViewCell.swift in Sources */,
				A30076391F9536210064598E /* PhotoCollectionViewController.swift in Sources */,
				A38022D11FA05C71003954F8 /* NewsFeedTableViewController.swift in Sources */,
				A38022D81FA08D5E003954F8 /* AttachmentPhotoView.swift in Sources */,
				A3103FE81FD70F0900CB5CFE /* LocationManagerDelegate.swift in Sources */,
				A345FBFB1FD324A700E1632C /* DateTimeFormatter.swift in Sources */,
				A30BCCB71F9553F600C6495F /* SearchGroupsListTableViewController.swift in Sources */,
				A3F92C571F94E05F00C446A2 /* GetUserFriendsResponse.swift in Sources */,
				A3875B9A1F920B74004A1D47 /* AppDelegate.swift in Sources */,
				A345FC041FD5E7E700E1632C /* NewPostViewControllerDelegate.swift in Sources */,
				A30BCCB91F95541F00C6495F /* UserGroupsListTableViewController.swift in Sources */,
				A3E18E821F9417430060AB55 /* FriendsService.swift in Sources */,
				A30BCCB51F9553E100C6495F /* SearchGroupsListTableViewCell.swift in Sources */,
				A38E148D1FDD75A8007DD5E8 /* GetRequestsResponse.swift in Sources */,
			);
			runOnlyForDeploymentPostprocessing = 0;
		};
/* End PBXSourcesBuildPhase section */

/* Begin PBXVariantGroup section */
		A3875B9D1F920B74004A1D47 /* Main.storyboard */ = {
			isa = PBXVariantGroup;
			children = (
				A3875B9E1F920B74004A1D47 /* Base */,
			);
			name = Main.storyboard;
			sourceTree = "<group>";
		};
		A3875BA21F920B74004A1D47 /* LaunchScreen.storyboard */ = {
			isa = PBXVariantGroup;
			children = (
				A3875BA31F920B74004A1D47 /* Base */,
			);
			name = LaunchScreen.storyboard;
			sourceTree = "<group>";
		};
/* End PBXVariantGroup section */

/* Begin XCBuildConfiguration section */
		A3875BA61F920B74004A1D47 /* Debug */ = {
			isa = XCBuildConfiguration;
			buildSettings = {
				ALWAYS_SEARCH_USER_PATHS = NO;
				CLANG_ANALYZER_NONNULL = YES;
				CLANG_ANALYZER_NUMBER_OBJECT_CONVERSION = YES_AGGRESSIVE;
				CLANG_CXX_LANGUAGE_STANDARD = "gnu++14";
				CLANG_CXX_LIBRARY = "libc++";
				CLANG_ENABLE_MODULES = YES;
				CLANG_ENABLE_OBJC_ARC = YES;
				CLANG_WARN_BLOCK_CAPTURE_AUTORELEASING = YES;
				CLANG_WARN_BOOL_CONVERSION = YES;
				CLANG_WARN_COMMA = YES;
				CLANG_WARN_CONSTANT_CONVERSION = YES;
				CLANG_WARN_DIRECT_OBJC_ISA_USAGE = YES_ERROR;
				CLANG_WARN_DOCUMENTATION_COMMENTS = YES;
				CLANG_WARN_EMPTY_BODY = YES;
				CLANG_WARN_ENUM_CONVERSION = YES;
				CLANG_WARN_INFINITE_RECURSION = YES;
				CLANG_WARN_INT_CONVERSION = YES;
				CLANG_WARN_NON_LITERAL_NULL_CONVERSION = YES;
				CLANG_WARN_OBJC_LITERAL_CONVERSION = YES;
				CLANG_WARN_OBJC_ROOT_CLASS = YES_ERROR;
				CLANG_WARN_RANGE_LOOP_ANALYSIS = YES;
				CLANG_WARN_STRICT_PROTOTYPES = YES;
				CLANG_WARN_SUSPICIOUS_MOVE = YES;
				CLANG_WARN_UNGUARDED_AVAILABILITY = YES_AGGRESSIVE;
				CLANG_WARN_UNREACHABLE_CODE = YES;
				CLANG_WARN__DUPLICATE_METHOD_MATCH = YES;
				CODE_SIGN_IDENTITY = "iPhone Developer";
				COPY_PHASE_STRIP = NO;
				DEBUG_INFORMATION_FORMAT = dwarf;
				ENABLE_STRICT_OBJC_MSGSEND = YES;
				ENABLE_TESTABILITY = YES;
				GCC_C_LANGUAGE_STANDARD = gnu11;
				GCC_DYNAMIC_NO_PIC = NO;
				GCC_NO_COMMON_BLOCKS = YES;
				GCC_OPTIMIZATION_LEVEL = 0;
				GCC_PREPROCESSOR_DEFINITIONS = (
					"DEBUG=1",
					"$(inherited)",
				);
				GCC_WARN_64_TO_32_BIT_CONVERSION = YES;
				GCC_WARN_ABOUT_RETURN_TYPE = YES_ERROR;
				GCC_WARN_UNDECLARED_SELECTOR = YES;
				GCC_WARN_UNINITIALIZED_AUTOS = YES_AGGRESSIVE;
				GCC_WARN_UNUSED_FUNCTION = YES;
				GCC_WARN_UNUSED_VARIABLE = YES;
				IPHONEOS_DEPLOYMENT_TARGET = 11.0;
				MTL_ENABLE_DEBUG_INFO = YES;
				ONLY_ACTIVE_ARCH = YES;
				SDKROOT = iphoneos;
				SWIFT_ACTIVE_COMPILATION_CONDITIONS = DEBUG;
				SWIFT_OPTIMIZATION_LEVEL = "-Onone";
			};
			name = Debug;
		};
		A3875BA71F920B74004A1D47 /* Release */ = {
			isa = XCBuildConfiguration;
			buildSettings = {
				ALWAYS_SEARCH_USER_PATHS = NO;
				CLANG_ANALYZER_NONNULL = YES;
				CLANG_ANALYZER_NUMBER_OBJECT_CONVERSION = YES_AGGRESSIVE;
				CLANG_CXX_LANGUAGE_STANDARD = "gnu++14";
				CLANG_CXX_LIBRARY = "libc++";
				CLANG_ENABLE_MODULES = YES;
				CLANG_ENABLE_OBJC_ARC = YES;
				CLANG_WARN_BLOCK_CAPTURE_AUTORELEASING = YES;
				CLANG_WARN_BOOL_CONVERSION = YES;
				CLANG_WARN_COMMA = YES;
				CLANG_WARN_CONSTANT_CONVERSION = YES;
				CLANG_WARN_DIRECT_OBJC_ISA_USAGE = YES_ERROR;
				CLANG_WARN_DOCUMENTATION_COMMENTS = YES;
				CLANG_WARN_EMPTY_BODY = YES;
				CLANG_WARN_ENUM_CONVERSION = YES;
				CLANG_WARN_INFINITE_RECURSION = YES;
				CLANG_WARN_INT_CONVERSION = YES;
				CLANG_WARN_NON_LITERAL_NULL_CONVERSION = YES;
				CLANG_WARN_OBJC_LITERAL_CONVERSION = YES;
				CLANG_WARN_OBJC_ROOT_CLASS = YES_ERROR;
				CLANG_WARN_RANGE_LOOP_ANALYSIS = YES;
				CLANG_WARN_STRICT_PROTOTYPES = YES;
				CLANG_WARN_SUSPICIOUS_MOVE = YES;
				CLANG_WARN_UNGUARDED_AVAILABILITY = YES_AGGRESSIVE;
				CLANG_WARN_UNREACHABLE_CODE = YES;
				CLANG_WARN__DUPLICATE_METHOD_MATCH = YES;
				CODE_SIGN_IDENTITY = "iPhone Developer";
				COPY_PHASE_STRIP = NO;
				DEBUG_INFORMATION_FORMAT = "dwarf-with-dsym";
				ENABLE_NS_ASSERTIONS = NO;
				ENABLE_STRICT_OBJC_MSGSEND = YES;
				GCC_C_LANGUAGE_STANDARD = gnu11;
				GCC_NO_COMMON_BLOCKS = YES;
				GCC_WARN_64_TO_32_BIT_CONVERSION = YES;
				GCC_WARN_ABOUT_RETURN_TYPE = YES_ERROR;
				GCC_WARN_UNDECLARED_SELECTOR = YES;
				GCC_WARN_UNINITIALIZED_AUTOS = YES_AGGRESSIVE;
				GCC_WARN_UNUSED_FUNCTION = YES;
				GCC_WARN_UNUSED_VARIABLE = YES;
				IPHONEOS_DEPLOYMENT_TARGET = 11.0;
				MTL_ENABLE_DEBUG_INFO = NO;
				SDKROOT = iphoneos;
				SWIFT_OPTIMIZATION_LEVEL = "-Owholemodule";
				VALIDATE_PRODUCT = YES;
			};
			name = Release;
		};
		A3875BA91F920B74004A1D47 /* Debug */ = {
			isa = XCBuildConfiguration;
			baseConfigurationReference = 6A7C702F4BDDD8838F18B1AC /* Pods-VKApplication.debug.xcconfig */;
			buildSettings = {
				ASSETCATALOG_COMPILER_APPICON_NAME = AppIcon;
				CODE_SIGN_STYLE = Automatic;
				DEVELOPMENT_TEAM = 88L423F77J;
				INFOPLIST_FILE = VKApplication/Info.plist;
				LD_RUNPATH_SEARCH_PATHS = "$(inherited) @executable_path/Frameworks";
				PRODUCT_BUNDLE_IDENTIFIER = ru.natali.VKApplication;
				PRODUCT_NAME = "$(TARGET_NAME)";
				SWIFT_VERSION = 4.0;
				TARGETED_DEVICE_FAMILY = "1,2";
			};
			name = Debug;
		};
		A3875BAA1F920B74004A1D47 /* Release */ = {
			isa = XCBuildConfiguration;
			baseConfigurationReference = 5021D90549824CB899E60DE8 /* Pods-VKApplication.release.xcconfig */;
			buildSettings = {
				ASSETCATALOG_COMPILER_APPICON_NAME = AppIcon;
				CODE_SIGN_STYLE = Automatic;
				DEVELOPMENT_TEAM = 88L423F77J;
				INFOPLIST_FILE = VKApplication/Info.plist;
				LD_RUNPATH_SEARCH_PATHS = "$(inherited) @executable_path/Frameworks";
				PRODUCT_BUNDLE_IDENTIFIER = ru.natali.VKApplication;
				PRODUCT_NAME = "$(TARGET_NAME)";
				SWIFT_VERSION = 4.0;
				TARGETED_DEVICE_FAMILY = "1,2";
			};
			name = Release;
		};
/* End XCBuildConfiguration section */

/* Begin XCConfigurationList section */
		A3875B911F920B74004A1D47 /* Build configuration list for PBXProject "VKApplication" */ = {
			isa = XCConfigurationList;
			buildConfigurations = (
				A3875BA61F920B74004A1D47 /* Debug */,
				A3875BA71F920B74004A1D47 /* Release */,
			);
			defaultConfigurationIsVisible = 0;
			defaultConfigurationName = Release;
		};
		A3875BA81F920B74004A1D47 /* Build configuration list for PBXNativeTarget "VKApplication" */ = {
			isa = XCConfigurationList;
			buildConfigurations = (
				A3875BA91F920B74004A1D47 /* Debug */,
				A3875BAA1F920B74004A1D47 /* Release */,
			);
			defaultConfigurationIsVisible = 0;
			defaultConfigurationName = Release;
		};
/* End XCConfigurationList section */
	};
	rootObject = A3875B8E1F920B74004A1D47 /* Project object */;
}
