// !$*UTF8*$!
{
	archiveVersion = 1;
	classes = {
	};
	objectVersion = 48;
	objects = {

/* Begin PBXBuildFile section */
		A3875B9A1F920B74004A1D47 /* AppDelegate.swift in Sources */ = {isa = PBXBuildFile; fileRef = A3875B991F920B74004A1D47 /* AppDelegate.swift */; };
		A3875B9C1F920B74004A1D47 /* ViewController.swift in Sources */ = {isa = PBXBuildFile; fileRef = A3875B9B1F920B74004A1D47 /* ViewController.swift */; };
		A3875B9F1F920B74004A1D47 /* Main.storyboard in Resources */ = {isa = PBXBuildFile; fileRef = A3875B9D1F920B74004A1D47 /* Main.storyboard */; };
		A3875BA11F920B74004A1D47 /* Assets.xcassets in Resources */ = {isa = PBXBuildFile; fileRef = A3875BA01F920B74004A1D47 /* Assets.xcassets */; };
		A3875BA41F920B74004A1D47 /* LaunchScreen.storyboard in Resources */ = {isa = PBXBuildFile; fileRef = A3875BA21F920B74004A1D47 /* LaunchScreen.storyboard */; };
		A3875BB21F92128D004A1D47 /* AuthorizationViewController.swift in Sources */ = {isa = PBXBuildFile; fileRef = A3875BB11F92128D004A1D47 /* AuthorizationViewController.swift */; };
		A3875BB41F921334004A1D47 /* StartViewController.swift in Sources */ = {isa = PBXBuildFile; fileRef = A3875BB31F921334004A1D47 /* StartViewController.swift */; };
		A3E18E711F93DFF10060AB55 /* AuthorizationService.swift in Sources */ = {isa = PBXBuildFile; fileRef = A3E18E701F93DFF10060AB55 /* AuthorizationService.swift */; };
		A3E18E741F93E9D50060AB55 /* UserDefaultsKey.swift in Sources */ = {isa = PBXBuildFile; fileRef = A3E18E731F93E9D50060AB55 /* UserDefaultsKey.swift */; };
		A3E18E761F93E9E20060AB55 /* SegueIdentifier.swift in Sources */ = {isa = PBXBuildFile; fileRef = A3E18E751F93E9E20060AB55 /* SegueIdentifier.swift */; };
		A3E18E781F93EE430060AB55 /* KeychainKey.swift in Sources */ = {isa = PBXBuildFile; fileRef = A3E18E771F93EE430060AB55 /* KeychainKey.swift */; };
		B25DBA804B9547B12146ECD9 /* Pods_VKApplication.framework in Frameworks */ = {isa = PBXBuildFile; fileRef = AB01EFA41AF5F58B41BAA07C /* Pods_VKApplication.framework */; };
/* End PBXBuildFile section */

/* Begin PBXFileReference section */
		5021D90549824CB899E60DE8 /* Pods-VKApplication.release.xcconfig */ = {isa = PBXFileReference; includeInIndex = 1; lastKnownFileType = text.xcconfig; name = "Pods-VKApplication.release.xcconfig"; path = "Pods/Target Support Files/Pods-VKApplication/Pods-VKApplication.release.xcconfig"; sourceTree = "<group>"; };
		6A7C702F4BDDD8838F18B1AC /* Pods-VKApplication.debug.xcconfig */ = {isa = PBXFileReference; includeInIndex = 1; lastKnownFileType = text.xcconfig; name = "Pods-VKApplication.debug.xcconfig"; path = "Pods/Target Support Files/Pods-VKApplication/Pods-VKApplication.debug.xcconfig"; sourceTree = "<group>"; };
		A3875B961F920B74004A1D47 /* VKApplication.app */ = {isa = PBXFileReference; explicitFileType = wrapper.application; includeInIndex = 0; path = VKApplication.app; sourceTree = BUILT_PRODUCTS_DIR; };
		A3875B991F920B74004A1D47 /* AppDelegate.swift */ = {isa = PBXFileReference; lastKnownFileType = sourcecode.swift; path = AppDelegate.swift; sourceTree = "<group>"; };
		A3875B9B1F920B74004A1D47 /* ViewController.swift */ = {isa = PBXFileReference; lastKnownFileType = sourcecode.swift; path = ViewController.swift; sourceTree = "<group>"; };
		A3875B9E1F920B74004A1D47 /* Base */ = {isa = PBXFileReference; lastKnownFileType = file.storyboard; name = Base; path = Base.lproj/Main.storyboard; sourceTree = "<group>"; };
		A3875BA01F920B74004A1D47 /* Assets.xcassets */ = {isa = PBXFileReference; lastKnownFileType = folder.assetcatalog; path = Assets.xcassets; sourceTree = "<group>"; };
		A3875BA31F920B74004A1D47 /* Base */ = {isa = PBXFileReference; lastKnownFileType = file.storyboard; name = Base; path = Base.lproj/LaunchScreen.storyboard; sourceTree = "<group>"; };
		A3875BA51F920B74004A1D47 /* Info.plist */ = {isa = PBXFileReference; lastKnownFileType = text.plist.xml; path = Info.plist; sourceTree = "<group>"; };
		A3875BB11F92128D004A1D47 /* AuthorizationViewController.swift */ = {isa = PBXFileReference; lastKnownFileType = sourcecode.swift; path = AuthorizationViewController.swift; sourceTree = "<group>"; };
		A3875BB31F921334004A1D47 /* StartViewController.swift */ = {isa = PBXFileReference; lastKnownFileType = sourcecode.swift; path = StartViewController.swift; sourceTree = "<group>"; };
		A3E18E701F93DFF10060AB55 /* AuthorizationService.swift */ = {isa = PBXFileReference; lastKnownFileType = sourcecode.swift; path = AuthorizationService.swift; sourceTree = "<group>"; };
		A3E18E731F93E9D50060AB55 /* UserDefaultsKey.swift */ = {isa = PBXFileReference; lastKnownFileType = sourcecode.swift; path = UserDefaultsKey.swift; sourceTree = "<group>"; };
		A3E18E751F93E9E20060AB55 /* SegueIdentifier.swift */ = {isa = PBXFileReference; lastKnownFileType = sourcecode.swift; path = SegueIdentifier.swift; sourceTree = "<group>"; };
		A3E18E771F93EE430060AB55 /* KeychainKey.swift */ = {isa = PBXFileReference; lastKnownFileType = sourcecode.swift; path = KeychainKey.swift; sourceTree = "<group>"; };
		AB01EFA41AF5F58B41BAA07C /* Pods_VKApplication.framework */ = {isa = PBXFileReference; explicitFileType = wrapper.framework; includeInIndex = 0; path = Pods_VKApplication.framework; sourceTree = BUILT_PRODUCTS_DIR; };
/* End PBXFileReference section */

/* Begin PBXFrameworksBuildPhase section */
		A3875B931F920B74004A1D47 /* Frameworks */ = {
			isa = PBXFrameworksBuildPhase;
			buildActionMask = 2147483647;
			files = (
				B25DBA804B9547B12146ECD9 /* Pods_VKApplication.framework in Frameworks */,
			);
			runOnlyForDeploymentPostprocessing = 0;
		};
/* End PBXFrameworksBuildPhase section */

/* Begin PBXGroup section */
		63BAA43114BFAEC07A456EF2 /* Frameworks */ = {
			isa = PBXGroup;
			children = (
				AB01EFA41AF5F58B41BAA07C /* Pods_VKApplication.framework */,
			);
			name = Frameworks;
			sourceTree = "<group>";
		};
		A3875B8D1F920B74004A1D47 = {
			isa = PBXGroup;
			children = (
				A3875B981F920B74004A1D47 /* VKApplication */,
				A3875B971F920B74004A1D47 /* Products */,
				F126F9D711BDE953717B62AF /* Pods */,
				63BAA43114BFAEC07A456EF2 /* Frameworks */,
			);
			sourceTree = "<group>";
		};
		A3875B971F920B74004A1D47 /* Products */ = {
			isa = PBXGroup;
			children = (
				A3875B961F920B74004A1D47 /* VKApplication.app */,
			);
			name = Products;
			sourceTree = "<group>";
		};
		A3875B981F920B74004A1D47 /* VKApplication */ = {
			isa = PBXGroup;
			children = (
				A3E18E721F93E9C10060AB55 /* Constants */,
				A3875BAD1F921088004A1D47 /* Presentation */,
				A3875BAC1F920FDA004A1D47 /* Entities */,
				A3875BAB1F920FC7004A1D47 /* Services */,
				A3875B991F920B74004A1D47 /* AppDelegate.swift */,
				A3875B9B1F920B74004A1D47 /* ViewController.swift */,
				A3875B9D1F920B74004A1D47 /* Main.storyboard */,
				A3875BA01F920B74004A1D47 /* Assets.xcassets */,
				A3875BA21F920B74004A1D47 /* LaunchScreen.storyboard */,
				A3875BA51F920B74004A1D47 /* Info.plist */,
			);
			path = VKApplication;
			sourceTree = "<group>";
		};
		A3875BAB1F920FC7004A1D47 /* Services */ = {
			isa = PBXGroup;
			children = (
				A3875BAF1F9210F0004A1D47 /* Network */,
				A3875BAE1F9210E2004A1D47 /* Configuration */,
			);
			path = Services;
			sourceTree = "<group>";
		};
		A3875BAC1F920FDA004A1D47 /* Entities */ = {
			isa = PBXGroup;
			children = (
			);
			path = Entities;
			sourceTree = "<group>";
		};
		A3875BAD1F921088004A1D47 /* Presentation */ = {
			isa = PBXGroup;
			children = (
				A3875BB31F921334004A1D47 /* StartViewController.swift */,
				A3875BB01F921254004A1D47 /* Authorization */,
			);
			path = Presentation;
			sourceTree = "<group>";
		};
		A3875BAE1F9210E2004A1D47 /* Configuration */ = {
			isa = PBXGroup;
			children = (
			);
			path = Configuration;
			sourceTree = "<group>";
		};
		A3875BAF1F9210F0004A1D47 /* Network */ = {
			isa = PBXGroup;
			children = (
				A3E18E701F93DFF10060AB55 /* AuthorizationService.swift */,
			);
			path = Network;
			sourceTree = "<group>";
		};
		A3875BB01F921254004A1D47 /* Authorization */ = {
			isa = PBXGroup;
			children = (
				A3875BB11F92128D004A1D47 /* AuthorizationViewController.swift */,
			);
			path = Authorization;
			sourceTree = "<group>";
		};
		A3E18E721F93E9C10060AB55 /* Constants */ = {
			isa = PBXGroup;
			children = (
				A3E18E731F93E9D50060AB55 /* UserDefaultsKey.swift */,
				A3E18E751F93E9E20060AB55 /* SegueIdentifier.swift */,
				A3E18E771F93EE430060AB55 /* KeychainKey.swift */,
			);
			path = Constants;
			sourceTree = "<group>";
		};
		F126F9D711BDE953717B62AF /* Pods */ = {
			isa = PBXGroup;
			children = (
				6A7C702F4BDDD8838F18B1AC /* Pods-VKApplication.debug.xcconfig */,
				5021D90549824CB899E60DE8 /* Pods-VKApplication.release.xcconfig */,
			);
			name = Pods;
			sourceTree = "<group>";
		};
/* End PBXGroup section */

/* Begin PBXNativeTarget section */
		A3875B951F920B74004A1D47 /* VKApplication */ = {
			isa = PBXNativeTarget;
			buildConfigurationList = A3875BA81F920B74004A1D47 /* Build configuration list for PBXNativeTarget "VKApplication" */;
			buildPhases = (
				DB535A5C6CA898FDEEEF2A96 /* [CP] Check Pods Manifest.lock */,
				A3875B921F920B74004A1D47 /* Sources */,
				A3875B931F920B74004A1D47 /* Frameworks */,
				A3875B941F920B74004A1D47 /* Resources */,
				CED030AC6FD2E9C6115B04FE /* [CP] Embed Pods Frameworks */,
				AAA410FD89DA7B0598D2708E /* [CP] Copy Pods Resources */,
			);
			buildRules = (
			);
			dependencies = (
			);
			name = VKApplication;
			productName = VKApplication;
			productReference = A3875B961F920B74004A1D47 /* VKApplication.app */;
			productType = "com.apple.product-type.application";
		};
/* End PBXNativeTarget section */

/* Begin PBXProject section */
		A3875B8E1F920B74004A1D47 /* Project object */ = {
			isa = PBXProject;
			attributes = {
				LastSwiftUpdateCheck = 0900;
				LastUpgradeCheck = 0900;
				ORGANIZATIONNAME = "Nataliia Volkova";
				TargetAttributes = {
					A3875B951F920B74004A1D47 = {
						CreatedOnToolsVersion = 9.0;
						ProvisioningStyle = Automatic;
					};
				};
			};
			buildConfigurationList = A3875B911F920B74004A1D47 /* Build configuration list for PBXProject "VKApplication" */;
			compatibilityVersion = "Xcode 8.0";
			developmentRegion = en;
			hasScannedForEncodings = 0;
			knownRegions = (
				en,
				Base,
			);
			mainGroup = A3875B8D1F920B74004A1D47;
			productRefGroup = A3875B971F920B74004A1D47 /* Products */;
			projectDirPath = "";
			projectRoot = "";
			targets = (
				A3875B951F920B74004A1D47 /* VKApplication */,
			);
		};
/* End PBXProject section */

/* Begin PBXResourcesBuildPhase section */
		A3875B941F920B74004A1D47 /* Resources */ = {
			isa = PBXResourcesBuildPhase;
			buildActionMask = 2147483647;
			files = (
				A3875BA41F920B74004A1D47 /* LaunchScreen.storyboard in Resources */,
				A3875BA11F920B74004A1D47 /* Assets.xcassets in Resources */,
				A3875B9F1F920B74004A1D47 /* Main.storyboard in Resources */,
			);
			runOnlyForDeploymentPostprocessing = 0;
		};
/* End PBXResourcesBuildPhase section */

/* Begin PBXShellScriptBuildPhase section */
		AAA410FD89DA7B0598D2708E /* [CP] Copy Pods Resources */ = {
			isa = PBXShellScriptBuildPhase;
			buildActionMask = 2147483647;
			files = (
			);
			inputPaths = (
			);
			name = "[CP] Copy Pods Resources";
			outputPaths = (
			);
			runOnlyForDeploymentPostprocessing = 0;
			shellPath = /bin/sh;
			shellScript = "\"${SRCROOT}/Pods/Target Support Files/Pods-VKApplication/Pods-VKApplication-resources.sh\"\n";
			showEnvVarsInLog = 0;
		};
		CED030AC6FD2E9C6115B04FE /* [CP] Embed Pods Frameworks */ = {
			isa = PBXShellScriptBuildPhase;
			buildActionMask = 2147483647;
			files = (
			);
			inputPaths = (
				"${SRCROOT}/Pods/Target Support Files/Pods-VKApplication/Pods-VKApplication-frameworks.sh",
				"${BUILT_PRODUCTS_DIR}/Alamofire/Alamofire.framework",
				"${BUILT_PRODUCTS_DIR}/Realm/Realm.framework",
				"${BUILT_PRODUCTS_DIR}/RealmSwift/RealmSwift.framework",
				"${BUILT_PRODUCTS_DIR}/SwiftKeychainWrapper/SwiftKeychainWrapper.framework",
				"${BUILT_PRODUCTS_DIR}/SwiftyJSON/SwiftyJSON.framework",
			);
			name = "[CP] Embed Pods Frameworks";
			outputPaths = (
				"${TARGET_BUILD_DIR}/${FRAMEWORKS_FOLDER_PATH}/Alamofire.framework",
				"${TARGET_BUILD_DIR}/${FRAMEWORKS_FOLDER_PATH}/Realm.framework",
				"${TARGET_BUILD_DIR}/${FRAMEWORKS_FOLDER_PATH}/RealmSwift.framework",
				"${TARGET_BUILD_DIR}/${FRAMEWORKS_FOLDER_PATH}/SwiftKeychainWrapper.framework",
				"${TARGET_BUILD_DIR}/${FRAMEWORKS_FOLDER_PATH}/SwiftyJSON.framework",
			);
			runOnlyForDeploymentPostprocessing = 0;
			shellPath = /bin/sh;
			shellScript = "\"${SRCROOT}/Pods/Target Support Files/Pods-VKApplication/Pods-VKApplication-frameworks.sh\"\n";
			showEnvVarsInLog = 0;
		};
		DB535A5C6CA898FDEEEF2A96 /* [CP] Check Pods Manifest.lock */ = {
			isa = PBXShellScriptBuildPhase;
			buildActionMask = 2147483647;
			files = (
			);
			inputPaths = (
				"${PODS_PODFILE_DIR_PATH}/Podfile.lock",
				"${PODS_ROOT}/Manifest.lock",
			);
			name = "[CP] Check Pods Manifest.lock";
			outputPaths = (
				"$(DERIVED_FILE_DIR)/Pods-VKApplication-checkManifestLockResult.txt",
			);
			runOnlyForDeploymentPostprocessing = 0;
			shellPath = /bin/sh;
			shellScript = "diff \"${PODS_PODFILE_DIR_PATH}/Podfile.lock\" \"${PODS_ROOT}/Manifest.lock\" > /dev/null\nif [ $? != 0 ] ; then\n    # print error to STDERR\n    echo \"error: The sandbox is not in sync with the Podfile.lock. Run 'pod install' or update your CocoaPods installation.\" >&2\n    exit 1\nfi\n# This output is used by Xcode 'outputs' to avoid re-running this script phase.\necho \"SUCCESS\" > \"${SCRIPT_OUTPUT_FILE_0}\"\n";
			showEnvVarsInLog = 0;
		};
/* End PBXShellScriptBuildPhase section */

/* Begin PBXSourcesBuildPhase section */
		A3875B921F920B74004A1D47 /* Sources */ = {
			isa = PBXSourcesBuildPhase;
			buildActionMask = 2147483647;
			files = (
				A3E18E741F93E9D50060AB55 /* UserDefaultsKey.swift in Sources */,
				A3E18E781F93EE430060AB55 /* KeychainKey.swift in Sources */,
				A3875BB21F92128D004A1D47 /* AuthorizationViewController.swift in Sources */,
				A3E18E711F93DFF10060AB55 /* AuthorizationService.swift in Sources */,
				A3E18E761F93E9E20060AB55 /* SegueIdentifier.swift in Sources */,
				A3875BB41F921334004A1D47 /* StartViewController.swift in Sources */,
				A3875B9C1F920B74004A1D47 /* ViewController.swift in Sources */,
				A3875B9A1F920B74004A1D47 /* AppDelegate.swift in Sources */,
			);
			runOnlyForDeploymentPostprocessing = 0;
		};
/* End PBXSourcesBuildPhase section */

/* Begin PBXVariantGroup section */
		A3875B9D1F920B74004A1D47 /* Main.storyboard */ = {
			isa = PBXVariantGroup;
			children = (
				A3875B9E1F920B74004A1D47 /* Base */,
			);
			name = Main.storyboard;
			sourceTree = "<group>";
		};
		A3875BA21F920B74004A1D47 /* LaunchScreen.storyboard */ = {
			isa = PBXVariantGroup;
			children = (
				A3875BA31F920B74004A1D47 /* Base */,
			);
			name = LaunchScreen.storyboard;
			sourceTree = "<group>";
		};
/* End PBXVariantGroup section */

/* Begin XCBuildConfiguration section */
		A3875BA61F920B74004A1D47 /* Debug */ = {
			isa = XCBuildConfiguration;
			buildSettings = {
				ALWAYS_SEARCH_USER_PATHS = NO;
				CLANG_ANALYZER_NONNULL = YES;
				CLANG_ANALYZER_NUMBER_OBJECT_CONVERSION = YES_AGGRESSIVE;
				CLANG_CXX_LANGUAGE_STANDARD = "gnu++14";
				CLANG_CXX_LIBRARY = "libc++";
				CLANG_ENABLE_MODULES = YES;
				CLANG_ENABLE_OBJC_ARC = YES;
				CLANG_WARN_BLOCK_CAPTURE_AUTORELEASING = YES;
				CLANG_WARN_BOOL_CONVERSION = YES;
				CLANG_WARN_COMMA = YES;
				CLANG_WARN_CONSTANT_CONVERSION = YES;
				CLANG_WARN_DIRECT_OBJC_ISA_USAGE = YES_ERROR;
				CLANG_WARN_DOCUMENTATION_COMMENTS = YES;
				CLANG_WARN_EMPTY_BODY = YES;
				CLANG_WARN_ENUM_CONVERSION = YES;
				CLANG_WARN_INFINITE_RECURSION = YES;
				CLANG_WARN_INT_CONVERSION = YES;
				CLANG_WARN_NON_LITERAL_NULL_CONVERSION = YES;
				CLANG_WARN_OBJC_LITERAL_CONVERSION = YES;
				CLANG_WARN_OBJC_ROOT_CLASS = YES_ERROR;
				CLANG_WARN_RANGE_LOOP_ANALYSIS = YES;
				CLANG_WARN_STRICT_PROTOTYPES = YES;
				CLANG_WARN_SUSPICIOUS_MOVE = YES;
				CLANG_WARN_UNGUARDED_AVAILABILITY = YES_AGGRESSIVE;
				CLANG_WARN_UNREACHABLE_CODE = YES;
				CLANG_WARN__DUPLICATE_METHOD_MATCH = YES;
				CODE_SIGN_IDENTITY = "iPhone Developer";
				COPY_PHASE_STRIP = NO;
				DEBUG_INFORMATION_FORMAT = dwarf;
				ENABLE_STRICT_OBJC_MSGSEND = YES;
				ENABLE_TESTABILITY = YES;
				GCC_C_LANGUAGE_STANDARD = gnu11;
				GCC_DYNAMIC_NO_PIC = NO;
				GCC_NO_COMMON_BLOCKS = YES;
				GCC_OPTIMIZATION_LEVEL = 0;
				GCC_PREPROCESSOR_DEFINITIONS = (
					"DEBUG=1",
					"$(inherited)",
				);
				GCC_WARN_64_TO_32_BIT_CONVERSION = YES;
				GCC_WARN_ABOUT_RETURN_TYPE = YES_ERROR;
				GCC_WARN_UNDECLARED_SELECTOR = YES;
				GCC_WARN_UNINITIALIZED_AUTOS = YES_AGGRESSIVE;
				GCC_WARN_UNUSED_FUNCTION = YES;
				GCC_WARN_UNUSED_VARIABLE = YES;
				IPHONEOS_DEPLOYMENT_TARGET = 11.0;
				MTL_ENABLE_DEBUG_INFO = YES;
				ONLY_ACTIVE_ARCH = YES;
				SDKROOT = iphoneos;
				SWIFT_ACTIVE_COMPILATION_CONDITIONS = DEBUG;
				SWIFT_OPTIMIZATION_LEVEL = "-Onone";
			};
			name = Debug;
		};
		A3875BA71F920B74004A1D47 /* Release */ = {
			isa = XCBuildConfiguration;
			buildSettings = {
				ALWAYS_SEARCH_USER_PATHS = NO;
				CLANG_ANALYZER_NONNULL = YES;
				CLANG_ANALYZER_NUMBER_OBJECT_CONVERSION = YES_AGGRESSIVE;
				CLANG_CXX_LANGUAGE_STANDARD = "gnu++14";
				CLANG_CXX_LIBRARY = "libc++";
				CLANG_ENABLE_MODULES = YES;
				CLANG_ENABLE_OBJC_ARC = YES;
				CLANG_WARN_BLOCK_CAPTURE_AUTORELEASING = YES;
				CLANG_WARN_BOOL_CONVERSION = YES;
				CLANG_WARN_COMMA = YES;
				CLANG_WARN_CONSTANT_CONVERSION = YES;
				CLANG_WARN_DIRECT_OBJC_ISA_USAGE = YES_ERROR;
				CLANG_WARN_DOCUMENTATION_COMMENTS = YES;
				CLANG_WARN_EMPTY_BODY = YES;
				CLANG_WARN_ENUM_CONVERSION = YES;
				CLANG_WARN_INFINITE_RECURSION = YES;
				CLANG_WARN_INT_CONVERSION = YES;
				CLANG_WARN_NON_LITERAL_NULL_CONVERSION = YES;
				CLANG_WARN_OBJC_LITERAL_CONVERSION = YES;
				CLANG_WARN_OBJC_ROOT_CLASS = YES_ERROR;
				CLANG_WARN_RANGE_LOOP_ANALYSIS = YES;
				CLANG_WARN_STRICT_PROTOTYPES = YES;
				CLANG_WARN_SUSPICIOUS_MOVE = YES;
				CLANG_WARN_UNGUARDED_AVAILABILITY = YES_AGGRESSIVE;
				CLANG_WARN_UNREACHABLE_CODE = YES;
				CLANG_WARN__DUPLICATE_METHOD_MATCH = YES;
				CODE_SIGN_IDENTITY = "iPhone Developer";
				COPY_PHASE_STRIP = NO;
				DEBUG_INFORMATION_FORMAT = "dwarf-with-dsym";
				ENABLE_NS_ASSERTIONS = NO;
				ENABLE_STRICT_OBJC_MSGSEND = YES;
				GCC_C_LANGUAGE_STANDARD = gnu11;
				GCC_NO_COMMON_BLOCKS = YES;
				GCC_WARN_64_TO_32_BIT_CONVERSION = YES;
				GCC_WARN_ABOUT_RETURN_TYPE = YES_ERROR;
				GCC_WARN_UNDECLARED_SELECTOR = YES;
				GCC_WARN_UNINITIALIZED_AUTOS = YES_AGGRESSIVE;
				GCC_WARN_UNUSED_FUNCTION = YES;
				GCC_WARN_UNUSED_VARIABLE = YES;
				IPHONEOS_DEPLOYMENT_TARGET = 11.0;
				MTL_ENABLE_DEBUG_INFO = NO;
				SDKROOT = iphoneos;
				SWIFT_OPTIMIZATION_LEVEL = "-Owholemodule";
				VALIDATE_PRODUCT = YES;
			};
			name = Release;
		};
		A3875BA91F920B74004A1D47 /* Debug */ = {
			isa = XCBuildConfiguration;
			baseConfigurationReference = 6A7C702F4BDDD8838F18B1AC /* Pods-VKApplication.debug.xcconfig */;
			buildSettings = {
				ASSETCATALOG_COMPILER_APPICON_NAME = AppIcon;
				CODE_SIGN_STYLE = Automatic;
				DEVELOPMENT_TEAM = 88L423F77J;
				INFOPLIST_FILE = VKApplication/Info.plist;
				LD_RUNPATH_SEARCH_PATHS = "$(inherited) @executable_path/Frameworks";
				PRODUCT_BUNDLE_IDENTIFIER = ru.natali.VKApplication;
				PRODUCT_NAME = "$(TARGET_NAME)";
				SWIFT_VERSION = 4.0;
				TARGETED_DEVICE_FAMILY = "1,2";
			};
			name = Debug;
		};
		A3875BAA1F920B74004A1D47 /* Release */ = {
			isa = XCBuildConfiguration;
			baseConfigurationReference = 5021D90549824CB899E60DE8 /* Pods-VKApplication.release.xcconfig */;
			buildSettings = {
				ASSETCATALOG_COMPILER_APPICON_NAME = AppIcon;
				CODE_SIGN_STYLE = Automatic;
				DEVELOPMENT_TEAM = 88L423F77J;
				INFOPLIST_FILE = VKApplication/Info.plist;
				LD_RUNPATH_SEARCH_PATHS = "$(inherited) @executable_path/Frameworks";
				PRODUCT_BUNDLE_IDENTIFIER = ru.natali.VKApplication;
				PRODUCT_NAME = "$(TARGET_NAME)";
				SWIFT_VERSION = 4.0;
				TARGETED_DEVICE_FAMILY = "1,2";
			};
			name = Release;
		};
/* End XCBuildConfiguration section */

/* Begin XCConfigurationList section */
		A3875B911F920B74004A1D47 /* Build configuration list for PBXProject "VKApplication" */ = {
			isa = XCConfigurationList;
			buildConfigurations = (
				A3875BA61F920B74004A1D47 /* Debug */,
				A3875BA71F920B74004A1D47 /* Release */,
			);
			defaultConfigurationIsVisible = 0;
			defaultConfigurationName = Release;
		};
		A3875BA81F920B74004A1D47 /* Build configuration list for PBXNativeTarget "VKApplication" */ = {
			isa = XCConfigurationList;
			buildConfigurations = (
				A3875BA91F920B74004A1D47 /* Debug */,
				A3875BAA1F920B74004A1D47 /* Release */,
			);
			defaultConfigurationIsVisible = 0;
			defaultConfigurationName = Release;
		};
/* End XCConfigurationList section */
	};
	rootObject = A3875B8E1F920B74004A1D47 /* Project object */;
}
